// !$*UTF8*$!
{
	archiveVersion = 1;
	classes = {
	};
	objectVersion = 56;
	objects = {

/* Begin PBXBuildFile section */
		00DB29C7813228BBA1A80B4B /* Pods_Nix.framework in Frameworks */ = {isa = PBXBuildFile; fileRef = 25B5C470ABA7A74EDA27DAF3 /* Pods_Nix.framework */; };
		3B3222082BB0C4990037FE2D /* EditProfileView.swift in Sources */ = {isa = PBXBuildFile; fileRef = 3B3222072BB0C4990037FE2D /* EditProfileView.swift */; };
		3B32220A2BB0C4AE0037FE2D /* SecurityView.swift in Sources */ = {isa = PBXBuildFile; fileRef = 3B3222092BB0C4AE0037FE2D /* SecurityView.swift */; };
		3B32220E2BB0C4CE0037FE2D /* NotificationsView.swift in Sources */ = {isa = PBXBuildFile; fileRef = 3B32220D2BB0C4CE0037FE2D /* NotificationsView.swift */; };
		3B3222102BB0C4D90037FE2D /* PrivacyView.swift in Sources */ = {isa = PBXBuildFile; fileRef = 3B32220F2BB0C4D90037FE2D /* PrivacyView.swift */; };
		3B3222122BB0C4E70037FE2D /* MySubscriptionView.swift in Sources */ = {isa = PBXBuildFile; fileRef = 3B3222112BB0C4E70037FE2D /* MySubscriptionView.swift */; };
		3B3222142BB0C4F40037FE2D /* HelpAndSupportView.swift in Sources */ = {isa = PBXBuildFile; fileRef = 3B3222132BB0C4F40037FE2D /* HelpAndSupportView.swift */; };
		3B3222162BB0C5000037FE2D /* TermsAndPolView.swift in Sources */ = {isa = PBXBuildFile; fileRef = 3B3222152BB0C5000037FE2D /* TermsAndPolView.swift */; };
		3B3222182BB0C5090037FE2D /* FreeUpSpaceView.swift in Sources */ = {isa = PBXBuildFile; fileRef = 3B3222172BB0C5090037FE2D /* FreeUpSpaceView.swift */; };
		3B32221A2BB0C51A0037FE2D /* DataSaverView.swift in Sources */ = {isa = PBXBuildFile; fileRef = 3B3222192BB0C51A0037FE2D /* DataSaverView.swift */; };
		3B32221C2BB0C5270037FE2D /* ReportAProblemView.swift in Sources */ = {isa = PBXBuildFile; fileRef = 3B32221B2BB0C5270037FE2D /* ReportAProblemView.swift */; };
		3B32221E2BB0C5340037FE2D /* AddAccountView.swift in Sources */ = {isa = PBXBuildFile; fileRef = 3B32221D2BB0C5340037FE2D /* AddAccountView.swift */; };
		3B3222202BB0C5400037FE2D /* LogOutView.swift in Sources */ = {isa = PBXBuildFile; fileRef = 3B32221F2BB0C5400037FE2D /* LogOutView.swift */; };
		3B7F194D2BAE2D8400926FE2 /* FirebaseAuth in Frameworks */ = {isa = PBXBuildFile; productRef = 3B7F194C2BAE2D8400926FE2 /* FirebaseAuth */; };
		3B7F194F2BAE2D8400926FE2 /* FirebaseFirestore in Frameworks */ = {isa = PBXBuildFile; productRef = 3B7F194E2BAE2D8400926FE2 /* FirebaseFirestore */; };
		3B7F19512BAE2D8400926FE2 /* FirebaseFirestoreSwift in Frameworks */ = {isa = PBXBuildFile; productRef = 3B7F19502BAE2D8400926FE2 /* FirebaseFirestoreSwift */; };
		3BA6CA862C0FC2DE0031B2E1 /* Onboarding6View.swift in Sources */ = {isa = PBXBuildFile; fileRef = 3BA6CA852C0FC2DE0031B2E1 /* Onboarding6View.swift */; };
		3BA6CA882C0FFF870031B2E1 /* Onboarding6AView.swift in Sources */ = {isa = PBXBuildFile; fileRef = 3BA6CA872C0FFF870031B2E1 /* Onboarding6AView.swift */; };
		3BA6CA8A2C1108C30031B2E1 /* Onboarding7View.swift in Sources */ = {isa = PBXBuildFile; fileRef = 3BA6CA892C1108C30031B2E1 /* Onboarding7View.swift */; };
		3BA6CA8C2C110BCB0031B2E1 /* Onboarding8View.swift in Sources */ = {isa = PBXBuildFile; fileRef = 3BA6CA8B2C110BCB0031B2E1 /* Onboarding8View.swift */; };
		3BA6CA8E2C112F8D0031B2E1 /* Onboarding9View.swift in Sources */ = {isa = PBXBuildFile; fileRef = 3BA6CA8D2C112F8D0031B2E1 /* Onboarding9View.swift */; };
		3BA6CA902C114CA10031B2E1 /* Onboarding10View.swift in Sources */ = {isa = PBXBuildFile; fileRef = 3BA6CA8F2C114CA10031B2E1 /* Onboarding10View.swift */; };
		3BCBF7A72C0A349700F7532B /* Onboarding1View.swift in Sources */ = {isa = PBXBuildFile; fileRef = 3BCBF7A62C0A349700F7532B /* Onboarding1View.swift */; };
		3BCBF7A92C0A41BA00F7532B /* Onboarding2View.swift in Sources */ = {isa = PBXBuildFile; fileRef = 3BCBF7A82C0A41BA00F7532B /* Onboarding2View.swift */; };
		3BCBF7AD2C0A433D00F7532B /* ArrowButtonView.swift in Sources */ = {isa = PBXBuildFile; fileRef = 3BCBF7AC2C0A433D00F7532B /* ArrowButtonView.swift */; };
		3BCBF7AF2C0A435100F7532B /* ButtonView.swift in Sources */ = {isa = PBXBuildFile; fileRef = 3BCBF7AE2C0A435100F7532B /* ButtonView.swift */; };
		3BCBF7B12C0A4E8F00F7532B /* OnboardingProgressBarView.swift in Sources */ = {isa = PBXBuildFile; fileRef = 3BCBF7B02C0A4E8F00F7532B /* OnboardingProgressBarView.swift */; };
		3BCBF7B32C0A53D800F7532B /* OnboardingBackgroundView.swift in Sources */ = {isa = PBXBuildFile; fileRef = 3BCBF7B22C0A53D800F7532B /* OnboardingBackgroundView.swift */; };
		3BCBF7B62C0AE7FE00F7532B /* Onboarding3View.swift in Sources */ = {isa = PBXBuildFile; fileRef = 3BCBF7B52C0AE7FE00F7532B /* Onboarding3View.swift */; };
		3BCBF7B82C0D4EC200F7532B /* Colors.swift in Sources */ = {isa = PBXBuildFile; fileRef = 3BCBF7B72C0D4EC200F7532B /* Colors.swift */; };
		3BCBF7BA2C0D5A8000F7532B /* Onboarding4View.swift in Sources */ = {isa = PBXBuildFile; fileRef = 3BCBF7B92C0D5A8000F7532B /* Onboarding4View.swift */; };
		3BCBF7BC2C0D743700F7532B /* Onboarding5View.swift in Sources */ = {isa = PBXBuildFile; fileRef = 3BCBF7BB2C0D743700F7532B /* Onboarding5View.swift */; };
		3BCBF7BE2C0D74C700F7532B /* OptionButtonView.swift in Sources */ = {isa = PBXBuildFile; fileRef = 3BCBF7BD2C0D74C700F7532B /* OptionButtonView.swift */; };
		3BCBF7C02C0E71C700F7532B /* Onboarding3AView.swift in Sources */ = {isa = PBXBuildFile; fileRef = 3BCBF7BF2C0E71C700F7532B /* Onboarding3AView.swift */; };
		3BCBF7C22C0EC39400F7532B /* UserSettings.swift in Sources */ = {isa = PBXBuildFile; fileRef = 3BCBF7C12C0EC39400F7532B /* UserSettings.swift */; };
		3F312BAE2C1BACC7004798E7 /* TimeOutNotiViewViewModel.swift in Sources */ = {isa = PBXBuildFile; fileRef = 3F312BAD2C1BACC7004798E7 /* TimeOutNotiViewViewModel.swift */; };
		3F312BB02C1C12A8004798E7 /* FirebaseFirestore in Frameworks */ = {isa = PBXBuildFile; productRef = 3F312BAF2C1C12A8004798E7 /* FirebaseFirestore */; };
		3F312BB22C1C12B7004798E7 /* FirebaseAuth in Frameworks */ = {isa = PBXBuildFile; productRef = 3F312BB12C1C12B7004798E7 /* FirebaseAuth */; };
		3F312BB42C1C12BD004798E7 /* FirebaseFirestoreSwift in Frameworks */ = {isa = PBXBuildFile; productRef = 3F312BB32C1C12BD004798E7 /* FirebaseFirestoreSwift */; };
		3F38E3872BA61154001E57CE /* NewRuleItemView.swift in Sources */ = {isa = PBXBuildFile; fileRef = 3FF59BC82B8F99A400428DBB /* NewRuleItemView.swift */; };
		3F47EBC32C0E4D010043507C /* templates.json in Resources */ = {isa = PBXBuildFile; fileRef = 3F47EBC12C0E4D010043507C /* templates.json */; };
		3F72349E2B86C8CF0095EA42 /* ContentView.swift in Sources */ = {isa = PBXBuildFile; fileRef = 3F72349D2B86C8CF0095EA42 /* ContentView.swift */; };
		3F7234A02B86C8D20095EA42 /* Assets.xcassets in Resources */ = {isa = PBXBuildFile; fileRef = 3F72349F2B86C8D20095EA42 /* Assets.xcassets */; };
		3F7234A32B86C8D20095EA42 /* Preview Assets.xcassets in Resources */ = {isa = PBXBuildFile; fileRef = 3F7234A22B86C8D20095EA42 /* Preview Assets.xcassets */; };
		3F7234AA2B86C93A0095EA42 /* GoogleService-Info.plist in Resources */ = {isa = PBXBuildFile; fileRef = 3F7234A92B86C93A0095EA42 /* GoogleService-Info.plist */; };
		3F7234B22B86CAD80095EA42 /* RuleItem.swift in Sources */ = {isa = PBXBuildFile; fileRef = 3F7234AF2B86CAD80095EA42 /* RuleItem.swift */; };
		3F7234B32B86CAD80095EA42 /* User.swift in Sources */ = {isa = PBXBuildFile; fileRef = 3F7234B02B86CAD80095EA42 /* User.swift */; };
		3F7234B42B86CAD80095EA42 /* RuleTemplateItem.swift in Sources */ = {isa = PBXBuildFile; fileRef = 3F7234B12B86CAD80095EA42 /* RuleTemplateItem.swift */; };
		3F7234CD2B86CAF70095EA42 /* PomodoroViewViewModel.swift in Sources */ = {isa = PBXBuildFile; fileRef = 3F7234B62B86CAF70095EA42 /* PomodoroViewViewModel.swift */; };
		3F7234CE2B86CAF70095EA42 /* SettingsViewViewModel.swift in Sources */ = {isa = PBXBuildFile; fileRef = 3F7234B72B86CAF70095EA42 /* SettingsViewViewModel.swift */; };
		3F7234CF2B86CAF70095EA42 /* RulesViewViewModel.swift in Sources */ = {isa = PBXBuildFile; fileRef = 3F7234B82B86CAF70095EA42 /* RulesViewViewModel.swift */; };
		3F7234D02B86CAF70095EA42 /* NewRuleItemViewViewModel.swift in Sources */ = {isa = PBXBuildFile; fileRef = 3F7234B92B86CAF70095EA42 /* NewRuleItemViewViewModel.swift */; };
		3F7234D12B86CAF70095EA42 /* RuleSettingsViewViewModel.swift in Sources */ = {isa = PBXBuildFile; fileRef = 3F7234BA2B86CAF70095EA42 /* RuleSettingsViewViewModel.swift */; };
		3F7234D22B86CAF70095EA42 /* MainViewViewModel.swift in Sources */ = {isa = PBXBuildFile; fileRef = 3F7234BB2B86CAF70095EA42 /* MainViewViewModel.swift */; };
		3F7234D32B86CAF70095EA42 /* HomepageViewViewModel.swift in Sources */ = {isa = PBXBuildFile; fileRef = 3F7234BC2B86CAF70095EA42 /* HomepageViewViewModel.swift */; };
		3F7234D42B86CAF70095EA42 /* RegisterViewViewModel.swift in Sources */ = {isa = PBXBuildFile; fileRef = 3F7234BD2B86CAF70095EA42 /* RegisterViewViewModel.swift */; };
		3F7234D52B86CAF70095EA42 /* LoginViewViewModel.swift in Sources */ = {isa = PBXBuildFile; fileRef = 3F7234BE2B86CAF70095EA42 /* LoginViewViewModel.swift */; };
		3F7234D62B86CAF70095EA42 /* SettingsView.swift in Sources */ = {isa = PBXBuildFile; fileRef = 3F7234C02B86CAF70095EA42 /* SettingsView.swift */; };
		3F7234D72B86CAF70095EA42 /* LoginView.swift in Sources */ = {isa = PBXBuildFile; fileRef = 3F7234C12B86CAF70095EA42 /* LoginView.swift */; };
		3F7234D82B86CAF70095EA42 /* RuleItemView.swift in Sources */ = {isa = PBXBuildFile; fileRef = 3F7234C22B86CAF70095EA42 /* RuleItemView.swift */; };
		3F7234D92B86CAF70095EA42 /* PomodoroView.swift in Sources */ = {isa = PBXBuildFile; fileRef = 3F7234C32B86CAF70095EA42 /* PomodoroView.swift */; };
		3F7234DA2B86CAF70095EA42 /* QuickStartBtnView.swift in Sources */ = {isa = PBXBuildFile; fileRef = 3F7234C42B86CAF70095EA42 /* QuickStartBtnView.swift */; };
		3F7234DB2B86CAF70095EA42 /* LoginSignUpHeaderView.swift in Sources */ = {isa = PBXBuildFile; fileRef = 3F7234C52B86CAF70095EA42 /* LoginSignUpHeaderView.swift */; };
		3F7234DC2B86CAF70095EA42 /* RulesView.swift in Sources */ = {isa = PBXBuildFile; fileRef = 3F7234C62B86CAF70095EA42 /* RulesView.swift */; };
		3F7234DE2B86CAF70095EA42 /* RegisterView.swift in Sources */ = {isa = PBXBuildFile; fileRef = 3F7234C82B86CAF70095EA42 /* RegisterView.swift */; };
		3F7234E02B86CAF70095EA42 /* MainView.swift in Sources */ = {isa = PBXBuildFile; fileRef = 3F7234CA2B86CAF70095EA42 /* MainView.swift */; };
		3F7234E12B86CAF70095EA42 /* HomepageView.swift in Sources */ = {isa = PBXBuildFile; fileRef = 3F7234CB2B86CAF70095EA42 /* HomepageView.swift */; };
		3F7234E22B86CAF70095EA42 /* ResponsiveView.swift in Sources */ = {isa = PBXBuildFile; fileRef = 3F7234CC2B86CAF70095EA42 /* ResponsiveView.swift */; };
		3F7235272B86CCD30095EA42 /* Extensions.swift in Sources */ = {isa = PBXBuildFile; fileRef = 3F7235262B86CCD30095EA42 /* Extensions.swift */; };
		3F7235292B86CD540095EA42 /* NixApp.swift in Sources */ = {isa = PBXBuildFile; fileRef = 3F7235282B86CD540095EA42 /* NixApp.swift */; };
		3F72352B2B86D6350095EA42 /* client_619760553436-cvr4rum3g66l7knjji81n76n1rag8i0b.apps.googleusercontent.com.plist in Resources */ = {isa = PBXBuildFile; fileRef = 3F72352A2B86D6340095EA42 /* client_619760553436-cvr4rum3g66l7knjji81n76n1rag8i0b.apps.googleusercontent.com.plist */; };
		3F735A532B885BFB00A0F2F1 /* CalendarView.swift in Sources */ = {isa = PBXBuildFile; fileRef = 3F735A522B885BFB00A0F2F1 /* CalendarView.swift */; };
		3F7B97112B870DBD00F465D2 /* ViewControllerRepresentableView.swift in Sources */ = {isa = PBXBuildFile; fileRef = 3F7B97102B870DBD00F465D2 /* ViewControllerRepresentableView.swift */; };
		3F7B97172B87110700F465D2 /* CalendarModel.swift in Sources */ = {isa = PBXBuildFile; fileRef = 3F7B97162B87110700F465D2 /* CalendarModel.swift */; };
		3F7B97192B87116F00F465D2 /* DataExtension.swift in Sources */ = {isa = PBXBuildFile; fileRef = 3F7B97182B87116F00F465D2 /* DataExtension.swift */; };
		3F7B971B2B8791FC00F465D2 /* ViewController.swift in Sources */ = {isa = PBXBuildFile; fileRef = 3F7B971A2B8791FC00F465D2 /* ViewController.swift */; };
		3F856E6E2B9D8EEE00E479EB /* ReportExtension_Nix.swift in Sources */ = {isa = PBXBuildFile; fileRef = 3F856E6D2B9D8EEE00E479EB /* ReportExtension_Nix.swift */; };
		3F856E702B9D8EEE00E479EB /* TotalScreenTimeReport.swift in Sources */ = {isa = PBXBuildFile; fileRef = 3F856E6F2B9D8EEE00E479EB /* TotalScreenTimeReport.swift */; };
		3F856E722B9D8EEE00E479EB /* TotalScreenTimeView.swift in Sources */ = {isa = PBXBuildFile; fileRef = 3F856E712B9D8EEE00E479EB /* TotalScreenTimeView.swift */; };
		3F856E772B9D8EEE00E479EB /* ReportExtension Nix.appex in Embed ExtensionKit Extensions */ = {isa = PBXBuildFile; fileRef = 3F856E6B2B9D8EEE00E479EB /* ReportExtension Nix.appex */; settings = {ATTRIBUTES = (RemoveHeadersOnCopy, ); }; };
		3F856E7E2B9D95DD00E479EB /* DeviceActivityModel.swift in Sources */ = {isa = PBXBuildFile; fileRef = 3F856E7C2B9D941600E479EB /* DeviceActivityModel.swift */; };
		3F856E802B9E2B1100E479EB /* TotalActivityReport.swift in Sources */ = {isa = PBXBuildFile; fileRef = 3F856E7F2B9E2B1100E479EB /* TotalActivityReport.swift */; };
		3F856E822B9E305D00E479EB /* TotalActivityView.swift in Sources */ = {isa = PBXBuildFile; fileRef = 3F856E812B9E305D00E479EB /* TotalActivityView.swift */; };
		3F856E842B9F6A7700E479EB /* TotalActivityTabView.swift in Sources */ = {isa = PBXBuildFile; fileRef = 3F856E832B9F6A7700E479EB /* TotalActivityTabView.swift */; };
		3F856E862B9F73FA00E479EB /* TotalActivityItemView.swift in Sources */ = {isa = PBXBuildFile; fileRef = 3F856E852B9F73FA00E479EB /* TotalActivityItemView.swift */; };
		3F86B2E22BA32DD200F39E9B /* EditRuleItemView.swift in Sources */ = {isa = PBXBuildFile; fileRef = 3F86B2E12BA32DD200F39E9B /* EditRuleItemView.swift */; };
		3F86B2E62BA3468600F39E9B /* EditRuleItemViewViewModel.swift in Sources */ = {isa = PBXBuildFile; fileRef = 3F86B2E52BA3468600F39E9B /* EditRuleItemViewViewModel.swift */; };
		3F91F2E32BA6180200DE07BC /* TLButton.swift in Sources */ = {isa = PBXBuildFile; fileRef = 3F91F2E22BA6180200DE07BC /* TLButton.swift */; };
		3F9EB4E22C10224F0019200C /* BlockedAppsView.swift in Sources */ = {isa = PBXBuildFile; fileRef = 3F9EB4E12C10224F0019200C /* BlockedAppsView.swift */; };
		3F9EB4E42C1029AC0019200C /* NewBlockedAppsView.swift in Sources */ = {isa = PBXBuildFile; fileRef = 3F9EB4E32C1029AB0019200C /* NewBlockedAppsView.swift */; };
		3F9EB4E62C102A4F0019200C /* NewBlockedAppsViewViewModel.swift in Sources */ = {isa = PBXBuildFile; fileRef = 3F9EB4E52C102A4F0019200C /* NewBlockedAppsViewViewModel.swift */; };
		3F9EB4E82C103CC00019200C /* BlockedAppsViewViewModel.swift in Sources */ = {isa = PBXBuildFile; fileRef = 3F9EB4E72C103CC00019200C /* BlockedAppsViewViewModel.swift */; };
		3F9EB4EA2C10F3240019200C /* AppGroupModel.swift in Sources */ = {isa = PBXBuildFile; fileRef = 3F9EB4E92C10F3240019200C /* AppGroupModel.swift */; };
		3FA4376A2C0B6E9F00520D13 /* ManagedSettings.framework in Frameworks */ = {isa = PBXBuildFile; fileRef = 3FA437692C0B6E9F00520D13 /* ManagedSettings.framework */; };
		3FA4376D2C0B6E9F00520D13 /* ShieldActionExtension.swift in Sources */ = {isa = PBXBuildFile; fileRef = 3FA4376C2C0B6E9F00520D13 /* ShieldActionExtension.swift */; };
		3FA437722C0B6E9F00520D13 /* ShieldAction.appex in Embed Foundation Extensions */ = {isa = PBXBuildFile; fileRef = 3FA437682C0B6E9F00520D13 /* ShieldAction.appex */; settings = {ATTRIBUTES = (RemoveHeadersOnCopy, ); }; };
		3FA4377B2C0B729B00520D13 /* ManagedSettings.framework in Frameworks */ = {isa = PBXBuildFile; fileRef = 3FA437692C0B6E9F00520D13 /* ManagedSettings.framework */; };
		3FA4377D2C0B729B00520D13 /* ManagedSettingsUI.framework in Frameworks */ = {isa = PBXBuildFile; fileRef = 3FA4377C2C0B729B00520D13 /* ManagedSettingsUI.framework */; };
		3FA437802C0B729B00520D13 /* ShieldConfigurationExtension.swift in Sources */ = {isa = PBXBuildFile; fileRef = 3FA4377F2C0B729B00520D13 /* ShieldConfigurationExtension.swift */; };
		3FA437852C0B729B00520D13 /* ShieldConfig.appex in Embed Foundation Extensions */ = {isa = PBXBuildFile; fileRef = 3FA4377A2C0B729B00520D13 /* ShieldConfig.appex */; settings = {ATTRIBUTES = (RemoveHeadersOnCopy, ); }; };
		3FA437892C0BB62500520D13 /* Assets.xcassets in Resources */ = {isa = PBXBuildFile; fileRef = 3F72349F2B86C8D20095EA42 /* Assets.xcassets */; };
		3FA4378A2C0BB62500520D13 /* Assets.xcassets in Resources */ = {isa = PBXBuildFile; fileRef = 3F72349F2B86C8D20095EA42 /* Assets.xcassets */; };
		3FB234252B8871FF007894D5 /* client_secret_619760553436-cr1od3vc3nm146b1ae2eq5bnf76iu2mm.apps.googleusercontent.com.json in Resources */ = {isa = PBXBuildFile; fileRef = 3FB234242B8871FF007894D5 /* client_secret_619760553436-cr1od3vc3nm146b1ae2eq5bnf76iu2mm.apps.googleusercontent.com.json */; };
		3FB2342A2B889A82007894D5 /* GoogleCalendarViewViewModel.swift in Sources */ = {isa = PBXBuildFile; fileRef = 3FB234292B889A82007894D5 /* GoogleCalendarViewViewModel.swift */; };
		3FCB35FC2B92783900FB6088 /* ProfileView.swift in Sources */ = {isa = PBXBuildFile; fileRef = 3FCB35FB2B92783900FB6088 /* ProfileView.swift */; };
		3FCB35FE2B92795A00FB6088 /* ProfileViewViewModel.swift in Sources */ = {isa = PBXBuildFile; fileRef = 3FCB35FD2B92795A00FB6088 /* ProfileViewViewModel.swift */; };
		3FEFA7AB2BA61A740074F1EC /* DeviceActivityExtension.swift in Sources */ = {isa = PBXBuildFile; fileRef = 3FEFA7AA2BA61A740074F1EC /* DeviceActivityExtension.swift */; };
		3FEFA7AF2BA61A740074F1EC /* DeviceActivityExtension.appex in Embed Foundation Extensions */ = {isa = PBXBuildFile; fileRef = 3FEFA7A82BA61A740074F1EC /* DeviceActivityExtension.appex */; settings = {ATTRIBUTES = (RemoveHeadersOnCopy, ); }; };
		3FEFA7C52BA7E6780074F1EC /* BlockedAppsModel.swift in Sources */ = {isa = PBXBuildFile; fileRef = 3F6A89482BA5EAEC00DDE9AB /* BlockedAppsModel.swift */; };
		3FEFA7D82BA8A30C0074F1EC /* BlockedAppsModel.swift in Sources */ = {isa = PBXBuildFile; fileRef = 3F6A89482BA5EAEC00DDE9AB /* BlockedAppsModel.swift */; };
		3FF3EA312C1792540074977C /* TimeOutNotiView.swift in Sources */ = {isa = PBXBuildFile; fileRef = 3FF3EA302C1792540074977C /* TimeOutNotiView.swift */; };
		3FF3EA332C17D1690074977C /* TimeOutQuestionView.swift in Sources */ = {isa = PBXBuildFile; fileRef = 3FF3EA322C17D1690074977C /* TimeOutQuestionView.swift */; };
		3FF3EA352C18A9390074977C /* TimeOutView.swift in Sources */ = {isa = PBXBuildFile; fileRef = 3FF3EA342C18A9390074977C /* TimeOutView.swift */; };
/* End PBXBuildFile section */

/* Begin PBXContainerItemProxy section */
		3F856E752B9D8EEE00E479EB /* PBXContainerItemProxy */ = {
			isa = PBXContainerItemProxy;
			containerPortal = 3F7234902B86C8CF0095EA42 /* Project object */;
			proxyType = 1;
			remoteGlobalIDString = 3F856E6A2B9D8EEE00E479EB;
			remoteInfo = "ReportExtension Nix";
		};
		3FA437702C0B6E9F00520D13 /* PBXContainerItemProxy */ = {
			isa = PBXContainerItemProxy;
			containerPortal = 3F7234902B86C8CF0095EA42 /* Project object */;
			proxyType = 1;
			remoteGlobalIDString = 3FA437672C0B6E9F00520D13;
			remoteInfo = ShieldAction;
		};
		3FA437832C0B729B00520D13 /* PBXContainerItemProxy */ = {
			isa = PBXContainerItemProxy;
			containerPortal = 3F7234902B86C8CF0095EA42 /* Project object */;
			proxyType = 1;
			remoteGlobalIDString = 3FA437792C0B729B00520D13;
			remoteInfo = ShieldConfig;
		};
		3FEFA7AD2BA61A740074F1EC /* PBXContainerItemProxy */ = {
			isa = PBXContainerItemProxy;
			containerPortal = 3F7234902B86C8CF0095EA42 /* Project object */;
			proxyType = 1;
			remoteGlobalIDString = 3FEFA7A72BA61A740074F1EC;
			remoteInfo = DeviceActivityExtension;
		};
/* End PBXContainerItemProxy section */

/* Begin PBXCopyFilesBuildPhase section */
		3F7C8EF22BA12EEA00148CEA /* Embed Foundation Extensions */ = {
			isa = PBXCopyFilesBuildPhase;
			buildActionMask = 2147483647;
			dstPath = "";
			dstSubfolderSpec = 13;
			files = (
				3FEFA7AF2BA61A740074F1EC /* DeviceActivityExtension.appex in Embed Foundation Extensions */,
				3FA437852C0B729B00520D13 /* ShieldConfig.appex in Embed Foundation Extensions */,
				3FA437722C0B6E9F00520D13 /* ShieldAction.appex in Embed Foundation Extensions */,
			);
			name = "Embed Foundation Extensions";
			runOnlyForDeploymentPostprocessing = 0;
		};
		3F856E7B2B9D8EEE00E479EB /* Embed ExtensionKit Extensions */ = {
			isa = PBXCopyFilesBuildPhase;
			buildActionMask = 2147483647;
			dstPath = "$(EXTENSIONS_FOLDER_PATH)";
			dstSubfolderSpec = 16;
			files = (
				3F856E772B9D8EEE00E479EB /* ReportExtension Nix.appex in Embed ExtensionKit Extensions */,
			);
			name = "Embed ExtensionKit Extensions";
			runOnlyForDeploymentPostprocessing = 0;
		};
/* End PBXCopyFilesBuildPhase section */

/* Begin PBXFileReference section */
		25B5C470ABA7A74EDA27DAF3 /* Pods_Nix.framework */ = {isa = PBXFileReference; explicitFileType = wrapper.framework; includeInIndex = 0; path = Pods_Nix.framework; sourceTree = BUILT_PRODUCTS_DIR; };
		3B3222072BB0C4990037FE2D /* EditProfileView.swift */ = {isa = PBXFileReference; lastKnownFileType = sourcecode.swift; path = EditProfileView.swift; sourceTree = "<group>"; };
		3B3222092BB0C4AE0037FE2D /* SecurityView.swift */ = {isa = PBXFileReference; lastKnownFileType = sourcecode.swift; path = SecurityView.swift; sourceTree = "<group>"; };
		3B32220D2BB0C4CE0037FE2D /* NotificationsView.swift */ = {isa = PBXFileReference; lastKnownFileType = sourcecode.swift; path = NotificationsView.swift; sourceTree = "<group>"; };
		3B32220F2BB0C4D90037FE2D /* PrivacyView.swift */ = {isa = PBXFileReference; lastKnownFileType = sourcecode.swift; path = PrivacyView.swift; sourceTree = "<group>"; };
		3B3222112BB0C4E70037FE2D /* MySubscriptionView.swift */ = {isa = PBXFileReference; lastKnownFileType = sourcecode.swift; path = MySubscriptionView.swift; sourceTree = "<group>"; };
		3B3222132BB0C4F40037FE2D /* HelpAndSupportView.swift */ = {isa = PBXFileReference; lastKnownFileType = sourcecode.swift; path = HelpAndSupportView.swift; sourceTree = "<group>"; };
		3B3222152BB0C5000037FE2D /* TermsAndPolView.swift */ = {isa = PBXFileReference; lastKnownFileType = sourcecode.swift; path = TermsAndPolView.swift; sourceTree = "<group>"; };
		3B3222172BB0C5090037FE2D /* FreeUpSpaceView.swift */ = {isa = PBXFileReference; lastKnownFileType = sourcecode.swift; path = FreeUpSpaceView.swift; sourceTree = "<group>"; };
		3B3222192BB0C51A0037FE2D /* DataSaverView.swift */ = {isa = PBXFileReference; lastKnownFileType = sourcecode.swift; path = DataSaverView.swift; sourceTree = "<group>"; };
		3B32221B2BB0C5270037FE2D /* ReportAProblemView.swift */ = {isa = PBXFileReference; lastKnownFileType = sourcecode.swift; path = ReportAProblemView.swift; sourceTree = "<group>"; };
		3B32221D2BB0C5340037FE2D /* AddAccountView.swift */ = {isa = PBXFileReference; lastKnownFileType = sourcecode.swift; path = AddAccountView.swift; sourceTree = "<group>"; };
		3B32221F2BB0C5400037FE2D /* LogOutView.swift */ = {isa = PBXFileReference; lastKnownFileType = sourcecode.swift; path = LogOutView.swift; sourceTree = "<group>"; };
		3BA6CA852C0FC2DE0031B2E1 /* Onboarding6View.swift */ = {isa = PBXFileReference; lastKnownFileType = sourcecode.swift; path = Onboarding6View.swift; sourceTree = "<group>"; };
		3BA6CA872C0FFF870031B2E1 /* Onboarding6AView.swift */ = {isa = PBXFileReference; lastKnownFileType = sourcecode.swift; path = Onboarding6AView.swift; sourceTree = "<group>"; };
		3BA6CA892C1108C30031B2E1 /* Onboarding7View.swift */ = {isa = PBXFileReference; lastKnownFileType = sourcecode.swift; path = Onboarding7View.swift; sourceTree = "<group>"; };
		3BA6CA8B2C110BCB0031B2E1 /* Onboarding8View.swift */ = {isa = PBXFileReference; lastKnownFileType = sourcecode.swift; path = Onboarding8View.swift; sourceTree = "<group>"; };
		3BA6CA8D2C112F8D0031B2E1 /* Onboarding9View.swift */ = {isa = PBXFileReference; lastKnownFileType = sourcecode.swift; path = Onboarding9View.swift; sourceTree = "<group>"; };
		3BA6CA8F2C114CA10031B2E1 /* Onboarding10View.swift */ = {isa = PBXFileReference; lastKnownFileType = sourcecode.swift; path = Onboarding10View.swift; sourceTree = "<group>"; };
		3BCBF7A62C0A349700F7532B /* Onboarding1View.swift */ = {isa = PBXFileReference; lastKnownFileType = sourcecode.swift; path = Onboarding1View.swift; sourceTree = "<group>"; };
		3BCBF7A82C0A41BA00F7532B /* Onboarding2View.swift */ = {isa = PBXFileReference; lastKnownFileType = sourcecode.swift; path = Onboarding2View.swift; sourceTree = "<group>"; };
		3BCBF7AC2C0A433D00F7532B /* ArrowButtonView.swift */ = {isa = PBXFileReference; lastKnownFileType = sourcecode.swift; path = ArrowButtonView.swift; sourceTree = "<group>"; };
		3BCBF7AE2C0A435100F7532B /* ButtonView.swift */ = {isa = PBXFileReference; lastKnownFileType = sourcecode.swift; path = ButtonView.swift; sourceTree = "<group>"; };
		3BCBF7B02C0A4E8F00F7532B /* OnboardingProgressBarView.swift */ = {isa = PBXFileReference; lastKnownFileType = sourcecode.swift; path = OnboardingProgressBarView.swift; sourceTree = "<group>"; };
		3BCBF7B22C0A53D800F7532B /* OnboardingBackgroundView.swift */ = {isa = PBXFileReference; lastKnownFileType = sourcecode.swift; path = OnboardingBackgroundView.swift; sourceTree = "<group>"; };
		3BCBF7B52C0AE7FE00F7532B /* Onboarding3View.swift */ = {isa = PBXFileReference; lastKnownFileType = sourcecode.swift; path = Onboarding3View.swift; sourceTree = "<group>"; };
		3BCBF7B72C0D4EC200F7532B /* Colors.swift */ = {isa = PBXFileReference; lastKnownFileType = sourcecode.swift; path = Colors.swift; sourceTree = "<group>"; };
		3BCBF7B92C0D5A8000F7532B /* Onboarding4View.swift */ = {isa = PBXFileReference; lastKnownFileType = sourcecode.swift; path = Onboarding4View.swift; sourceTree = "<group>"; };
		3BCBF7BB2C0D743700F7532B /* Onboarding5View.swift */ = {isa = PBXFileReference; lastKnownFileType = sourcecode.swift; path = Onboarding5View.swift; sourceTree = "<group>"; };
		3BCBF7BD2C0D74C700F7532B /* OptionButtonView.swift */ = {isa = PBXFileReference; lastKnownFileType = sourcecode.swift; path = OptionButtonView.swift; sourceTree = "<group>"; };
		3BCBF7BF2C0E71C700F7532B /* Onboarding3AView.swift */ = {isa = PBXFileReference; lastKnownFileType = sourcecode.swift; path = Onboarding3AView.swift; sourceTree = "<group>"; };
		3BCBF7C12C0EC39400F7532B /* UserSettings.swift */ = {isa = PBXFileReference; lastKnownFileType = sourcecode.swift; path = UserSettings.swift; sourceTree = "<group>"; };
		3F262D6A2B995F4F0080214E /* Nix.entitlements */ = {isa = PBXFileReference; lastKnownFileType = text.plist.entitlements; path = Nix.entitlements; sourceTree = "<group>"; };
		3F312BAD2C1BACC7004798E7 /* TimeOutNotiViewViewModel.swift */ = {isa = PBXFileReference; lastKnownFileType = sourcecode.swift; path = TimeOutNotiViewViewModel.swift; sourceTree = "<group>"; };
		3F47EBC12C0E4D010043507C /* templates.json */ = {isa = PBXFileReference; fileEncoding = 4; lastKnownFileType = text.json; path = templates.json; sourceTree = "<group>"; };
		3F6A89482BA5EAEC00DDE9AB /* BlockedAppsModel.swift */ = {isa = PBXFileReference; lastKnownFileType = sourcecode.swift; path = BlockedAppsModel.swift; sourceTree = "<group>"; };
		3F7234982B86C8CF0095EA42 /* Nix.app */ = {isa = PBXFileReference; explicitFileType = wrapper.application; includeInIndex = 0; path = Nix.app; sourceTree = BUILT_PRODUCTS_DIR; };
		3F72349D2B86C8CF0095EA42 /* ContentView.swift */ = {isa = PBXFileReference; lastKnownFileType = sourcecode.swift; path = ContentView.swift; sourceTree = "<group>"; };
		3F72349F2B86C8D20095EA42 /* Assets.xcassets */ = {isa = PBXFileReference; lastKnownFileType = folder.assetcatalog; path = Assets.xcassets; sourceTree = "<group>"; };
		3F7234A22B86C8D20095EA42 /* Preview Assets.xcassets */ = {isa = PBXFileReference; lastKnownFileType = folder.assetcatalog; path = "Preview Assets.xcassets"; sourceTree = "<group>"; };
		3F7234A92B86C93A0095EA42 /* GoogleService-Info.plist */ = {isa = PBXFileReference; fileEncoding = 4; lastKnownFileType = text.plist.xml; path = "GoogleService-Info.plist"; sourceTree = "<group>"; };
		3F7234AF2B86CAD80095EA42 /* RuleItem.swift */ = {isa = PBXFileReference; fileEncoding = 4; lastKnownFileType = sourcecode.swift; path = RuleItem.swift; sourceTree = "<group>"; };
		3F7234B02B86CAD80095EA42 /* User.swift */ = {isa = PBXFileReference; fileEncoding = 4; lastKnownFileType = sourcecode.swift; path = User.swift; sourceTree = "<group>"; };
		3F7234B12B86CAD80095EA42 /* RuleTemplateItem.swift */ = {isa = PBXFileReference; fileEncoding = 4; lastKnownFileType = sourcecode.swift; path = RuleTemplateItem.swift; sourceTree = "<group>"; };
		3F7234B62B86CAF70095EA42 /* PomodoroViewViewModel.swift */ = {isa = PBXFileReference; fileEncoding = 4; lastKnownFileType = sourcecode.swift; path = PomodoroViewViewModel.swift; sourceTree = "<group>"; };
		3F7234B72B86CAF70095EA42 /* SettingsViewViewModel.swift */ = {isa = PBXFileReference; fileEncoding = 4; lastKnownFileType = sourcecode.swift; path = SettingsViewViewModel.swift; sourceTree = "<group>"; };
		3F7234B82B86CAF70095EA42 /* RulesViewViewModel.swift */ = {isa = PBXFileReference; fileEncoding = 4; lastKnownFileType = sourcecode.swift; path = RulesViewViewModel.swift; sourceTree = "<group>"; };
		3F7234B92B86CAF70095EA42 /* NewRuleItemViewViewModel.swift */ = {isa = PBXFileReference; fileEncoding = 4; lastKnownFileType = sourcecode.swift; path = NewRuleItemViewViewModel.swift; sourceTree = "<group>"; };
		3F7234BA2B86CAF70095EA42 /* RuleSettingsViewViewModel.swift */ = {isa = PBXFileReference; fileEncoding = 4; lastKnownFileType = sourcecode.swift; path = RuleSettingsViewViewModel.swift; sourceTree = "<group>"; };
		3F7234BB2B86CAF70095EA42 /* MainViewViewModel.swift */ = {isa = PBXFileReference; fileEncoding = 4; lastKnownFileType = sourcecode.swift; path = MainViewViewModel.swift; sourceTree = "<group>"; };
		3F7234BC2B86CAF70095EA42 /* HomepageViewViewModel.swift */ = {isa = PBXFileReference; fileEncoding = 4; lastKnownFileType = sourcecode.swift; path = HomepageViewViewModel.swift; sourceTree = "<group>"; };
		3F7234BD2B86CAF70095EA42 /* RegisterViewViewModel.swift */ = {isa = PBXFileReference; fileEncoding = 4; lastKnownFileType = sourcecode.swift; path = RegisterViewViewModel.swift; sourceTree = "<group>"; };
		3F7234BE2B86CAF70095EA42 /* LoginViewViewModel.swift */ = {isa = PBXFileReference; fileEncoding = 4; lastKnownFileType = sourcecode.swift; path = LoginViewViewModel.swift; sourceTree = "<group>"; };
		3F7234C02B86CAF70095EA42 /* SettingsView.swift */ = {isa = PBXFileReference; fileEncoding = 4; lastKnownFileType = sourcecode.swift; path = SettingsView.swift; sourceTree = "<group>"; };
		3F7234C12B86CAF70095EA42 /* LoginView.swift */ = {isa = PBXFileReference; fileEncoding = 4; lastKnownFileType = sourcecode.swift; path = LoginView.swift; sourceTree = "<group>"; };
		3F7234C22B86CAF70095EA42 /* RuleItemView.swift */ = {isa = PBXFileReference; fileEncoding = 4; lastKnownFileType = sourcecode.swift; path = RuleItemView.swift; sourceTree = "<group>"; };
		3F7234C32B86CAF70095EA42 /* PomodoroView.swift */ = {isa = PBXFileReference; fileEncoding = 4; lastKnownFileType = sourcecode.swift; path = PomodoroView.swift; sourceTree = "<group>"; };
		3F7234C42B86CAF70095EA42 /* QuickStartBtnView.swift */ = {isa = PBXFileReference; fileEncoding = 4; lastKnownFileType = sourcecode.swift; path = QuickStartBtnView.swift; sourceTree = "<group>"; };
		3F7234C52B86CAF70095EA42 /* LoginSignUpHeaderView.swift */ = {isa = PBXFileReference; fileEncoding = 4; lastKnownFileType = sourcecode.swift; path = LoginSignUpHeaderView.swift; sourceTree = "<group>"; };
		3F7234C62B86CAF70095EA42 /* RulesView.swift */ = {isa = PBXFileReference; fileEncoding = 4; lastKnownFileType = sourcecode.swift; path = RulesView.swift; sourceTree = "<group>"; };
		3F7234C82B86CAF70095EA42 /* RegisterView.swift */ = {isa = PBXFileReference; fileEncoding = 4; lastKnownFileType = sourcecode.swift; path = RegisterView.swift; sourceTree = "<group>"; };
		3F7234CA2B86CAF70095EA42 /* MainView.swift */ = {isa = PBXFileReference; fileEncoding = 4; lastKnownFileType = sourcecode.swift; path = MainView.swift; sourceTree = "<group>"; };
		3F7234CB2B86CAF70095EA42 /* HomepageView.swift */ = {isa = PBXFileReference; fileEncoding = 4; lastKnownFileType = sourcecode.swift; path = HomepageView.swift; sourceTree = "<group>"; };
		3F7234CC2B86CAF70095EA42 /* ResponsiveView.swift */ = {isa = PBXFileReference; fileEncoding = 4; lastKnownFileType = sourcecode.swift; path = ResponsiveView.swift; sourceTree = "<group>"; };
		3F7235262B86CCD30095EA42 /* Extensions.swift */ = {isa = PBXFileReference; fileEncoding = 4; lastKnownFileType = sourcecode.swift; path = Extensions.swift; sourceTree = "<group>"; };
		3F7235282B86CD540095EA42 /* NixApp.swift */ = {isa = PBXFileReference; fileEncoding = 4; lastKnownFileType = sourcecode.swift; path = NixApp.swift; sourceTree = "<group>"; };
		3F72352A2B86D6340095EA42 /* client_619760553436-cvr4rum3g66l7knjji81n76n1rag8i0b.apps.googleusercontent.com.plist */ = {isa = PBXFileReference; fileEncoding = 4; lastKnownFileType = text.plist.xml; path = "client_619760553436-cvr4rum3g66l7knjji81n76n1rag8i0b.apps.googleusercontent.com.plist"; sourceTree = "<group>"; };
		3F735A522B885BFB00A0F2F1 /* CalendarView.swift */ = {isa = PBXFileReference; lastKnownFileType = sourcecode.swift; path = CalendarView.swift; sourceTree = "<group>"; };
		3F7B97102B870DBD00F465D2 /* ViewControllerRepresentableView.swift */ = {isa = PBXFileReference; lastKnownFileType = sourcecode.swift; path = ViewControllerRepresentableView.swift; sourceTree = "<group>"; };
		3F7B97162B87110700F465D2 /* CalendarModel.swift */ = {isa = PBXFileReference; lastKnownFileType = sourcecode.swift; path = CalendarModel.swift; sourceTree = "<group>"; };
		3F7B97182B87116F00F465D2 /* DataExtension.swift */ = {isa = PBXFileReference; lastKnownFileType = sourcecode.swift; path = DataExtension.swift; sourceTree = "<group>"; };
		3F7B971A2B8791FC00F465D2 /* ViewController.swift */ = {isa = PBXFileReference; lastKnownFileType = sourcecode.swift; path = ViewController.swift; sourceTree = "<group>"; };
		3F856E6B2B9D8EEE00E479EB /* ReportExtension Nix.appex */ = {isa = PBXFileReference; explicitFileType = "wrapper.extensionkit-extension"; includeInIndex = 0; path = "ReportExtension Nix.appex"; sourceTree = BUILT_PRODUCTS_DIR; };
		3F856E6D2B9D8EEE00E479EB /* ReportExtension_Nix.swift */ = {isa = PBXFileReference; lastKnownFileType = sourcecode.swift; path = ReportExtension_Nix.swift; sourceTree = "<group>"; };
		3F856E6F2B9D8EEE00E479EB /* TotalScreenTimeReport.swift */ = {isa = PBXFileReference; lastKnownFileType = sourcecode.swift; path = TotalScreenTimeReport.swift; sourceTree = "<group>"; };
		3F856E712B9D8EEE00E479EB /* TotalScreenTimeView.swift */ = {isa = PBXFileReference; lastKnownFileType = sourcecode.swift; path = TotalScreenTimeView.swift; sourceTree = "<group>"; };
		3F856E732B9D8EEE00E479EB /* Info.plist */ = {isa = PBXFileReference; lastKnownFileType = text.plist.xml; path = Info.plist; sourceTree = "<group>"; };
		3F856E742B9D8EEE00E479EB /* ReportExtension_Nix.entitlements */ = {isa = PBXFileReference; lastKnownFileType = text.plist.entitlements; path = ReportExtension_Nix.entitlements; sourceTree = "<group>"; };
		3F856E7C2B9D941600E479EB /* DeviceActivityModel.swift */ = {isa = PBXFileReference; lastKnownFileType = sourcecode.swift; path = DeviceActivityModel.swift; sourceTree = "<group>"; };
		3F856E7F2B9E2B1100E479EB /* TotalActivityReport.swift */ = {isa = PBXFileReference; lastKnownFileType = sourcecode.swift; path = TotalActivityReport.swift; sourceTree = "<group>"; };
		3F856E812B9E305D00E479EB /* TotalActivityView.swift */ = {isa = PBXFileReference; lastKnownFileType = sourcecode.swift; path = TotalActivityView.swift; sourceTree = "<group>"; };
		3F856E832B9F6A7700E479EB /* TotalActivityTabView.swift */ = {isa = PBXFileReference; lastKnownFileType = sourcecode.swift; path = TotalActivityTabView.swift; sourceTree = "<group>"; };
		3F856E852B9F73FA00E479EB /* TotalActivityItemView.swift */ = {isa = PBXFileReference; lastKnownFileType = sourcecode.swift; path = TotalActivityItemView.swift; sourceTree = "<group>"; };
		3F86B2E12BA32DD200F39E9B /* EditRuleItemView.swift */ = {isa = PBXFileReference; lastKnownFileType = sourcecode.swift; path = EditRuleItemView.swift; sourceTree = "<group>"; };
		3F86B2E52BA3468600F39E9B /* EditRuleItemViewViewModel.swift */ = {isa = PBXFileReference; lastKnownFileType = sourcecode.swift; path = EditRuleItemViewViewModel.swift; sourceTree = "<group>"; };
		3F91F2E22BA6180200DE07BC /* TLButton.swift */ = {isa = PBXFileReference; fileEncoding = 4; lastKnownFileType = sourcecode.swift; path = TLButton.swift; sourceTree = "<group>"; };
		3F9EB4E12C10224F0019200C /* BlockedAppsView.swift */ = {isa = PBXFileReference; lastKnownFileType = sourcecode.swift; path = BlockedAppsView.swift; sourceTree = "<group>"; };
		3F9EB4E32C1029AB0019200C /* NewBlockedAppsView.swift */ = {isa = PBXFileReference; lastKnownFileType = sourcecode.swift; path = NewBlockedAppsView.swift; sourceTree = "<group>"; };
		3F9EB4E52C102A4F0019200C /* NewBlockedAppsViewViewModel.swift */ = {isa = PBXFileReference; lastKnownFileType = sourcecode.swift; path = NewBlockedAppsViewViewModel.swift; sourceTree = "<group>"; };
		3F9EB4E72C103CC00019200C /* BlockedAppsViewViewModel.swift */ = {isa = PBXFileReference; lastKnownFileType = sourcecode.swift; path = BlockedAppsViewViewModel.swift; sourceTree = "<group>"; };
		3F9EB4E92C10F3240019200C /* AppGroupModel.swift */ = {isa = PBXFileReference; lastKnownFileType = sourcecode.swift; path = AppGroupModel.swift; sourceTree = "<group>"; };
		3FA437682C0B6E9F00520D13 /* ShieldAction.appex */ = {isa = PBXFileReference; explicitFileType = "wrapper.app-extension"; includeInIndex = 0; path = ShieldAction.appex; sourceTree = BUILT_PRODUCTS_DIR; };
		3FA437692C0B6E9F00520D13 /* ManagedSettings.framework */ = {isa = PBXFileReference; lastKnownFileType = wrapper.framework; name = ManagedSettings.framework; path = System/Library/Frameworks/ManagedSettings.framework; sourceTree = SDKROOT; };
		3FA4376C2C0B6E9F00520D13 /* ShieldActionExtension.swift */ = {isa = PBXFileReference; lastKnownFileType = sourcecode.swift; path = ShieldActionExtension.swift; sourceTree = "<group>"; };
		3FA4376E2C0B6E9F00520D13 /* Info.plist */ = {isa = PBXFileReference; lastKnownFileType = text.plist.xml; path = Info.plist; sourceTree = "<group>"; };
		3FA4376F2C0B6E9F00520D13 /* ShieldAction.entitlements */ = {isa = PBXFileReference; lastKnownFileType = text.plist.entitlements; path = ShieldAction.entitlements; sourceTree = "<group>"; };
		3FA4377A2C0B729B00520D13 /* ShieldConfig.appex */ = {isa = PBXFileReference; explicitFileType = "wrapper.app-extension"; includeInIndex = 0; path = ShieldConfig.appex; sourceTree = BUILT_PRODUCTS_DIR; };
		3FA4377C2C0B729B00520D13 /* ManagedSettingsUI.framework */ = {isa = PBXFileReference; lastKnownFileType = wrapper.framework; name = ManagedSettingsUI.framework; path = System/Library/Frameworks/ManagedSettingsUI.framework; sourceTree = SDKROOT; };
		3FA4377F2C0B729B00520D13 /* ShieldConfigurationExtension.swift */ = {isa = PBXFileReference; lastKnownFileType = sourcecode.swift; path = ShieldConfigurationExtension.swift; sourceTree = "<group>"; };
		3FA437812C0B729B00520D13 /* Info.plist */ = {isa = PBXFileReference; lastKnownFileType = text.plist.xml; path = Info.plist; sourceTree = "<group>"; };
		3FA437822C0B729B00520D13 /* ShieldConfig.entitlements */ = {isa = PBXFileReference; lastKnownFileType = text.plist.entitlements; path = ShieldConfig.entitlements; sourceTree = "<group>"; };
		3FB234242B8871FF007894D5 /* client_secret_619760553436-cr1od3vc3nm146b1ae2eq5bnf76iu2mm.apps.googleusercontent.com.json */ = {isa = PBXFileReference; fileEncoding = 4; lastKnownFileType = text.json; path = "client_secret_619760553436-cr1od3vc3nm146b1ae2eq5bnf76iu2mm.apps.googleusercontent.com.json"; sourceTree = "<group>"; };
		3FB234262B8872E0007894D5 /* Info.plist */ = {isa = PBXFileReference; lastKnownFileType = text.plist.xml; path = Info.plist; sourceTree = "<group>"; };
		3FB234292B889A82007894D5 /* GoogleCalendarViewViewModel.swift */ = {isa = PBXFileReference; lastKnownFileType = sourcecode.swift; path = GoogleCalendarViewViewModel.swift; sourceTree = "<group>"; };
		3FCB35FB2B92783900FB6088 /* ProfileView.swift */ = {isa = PBXFileReference; lastKnownFileType = sourcecode.swift; path = ProfileView.swift; sourceTree = "<group>"; };
		3FCB35FD2B92795A00FB6088 /* ProfileViewViewModel.swift */ = {isa = PBXFileReference; lastKnownFileType = sourcecode.swift; path = ProfileViewViewModel.swift; sourceTree = "<group>"; };
		3FEFA7A82BA61A740074F1EC /* DeviceActivityExtension.appex */ = {isa = PBXFileReference; explicitFileType = "wrapper.app-extension"; includeInIndex = 0; path = DeviceActivityExtension.appex; sourceTree = BUILT_PRODUCTS_DIR; };
		3FEFA7AA2BA61A740074F1EC /* DeviceActivityExtension.swift */ = {isa = PBXFileReference; lastKnownFileType = sourcecode.swift; path = DeviceActivityExtension.swift; sourceTree = "<group>"; };
		3FEFA7AC2BA61A740074F1EC /* Info.plist */ = {isa = PBXFileReference; lastKnownFileType = text.plist.xml; path = Info.plist; sourceTree = "<group>"; };
		3FEFA7BD2BA64A830074F1EC /* DeviceActivityExtension.entitlements */ = {isa = PBXFileReference; lastKnownFileType = text.plist.entitlements; path = DeviceActivityExtension.entitlements; sourceTree = "<group>"; };
		3FF3EA302C1792540074977C /* TimeOutNotiView.swift */ = {isa = PBXFileReference; lastKnownFileType = sourcecode.swift; path = TimeOutNotiView.swift; sourceTree = "<group>"; };
		3FF3EA322C17D1690074977C /* TimeOutQuestionView.swift */ = {isa = PBXFileReference; lastKnownFileType = sourcecode.swift; path = TimeOutQuestionView.swift; sourceTree = "<group>"; };
		3FF3EA342C18A9390074977C /* TimeOutView.swift */ = {isa = PBXFileReference; lastKnownFileType = sourcecode.swift; path = TimeOutView.swift; sourceTree = "<group>"; };
		3FF59BC82B8F99A400428DBB /* NewRuleItemView.swift */ = {isa = PBXFileReference; lastKnownFileType = sourcecode.swift; path = NewRuleItemView.swift; sourceTree = "<group>"; };
		E12A997F22116869190E240E /* Pods-Nix.release.xcconfig */ = {isa = PBXFileReference; includeInIndex = 1; lastKnownFileType = text.xcconfig; name = "Pods-Nix.release.xcconfig"; path = "Target Support Files/Pods-Nix/Pods-Nix.release.xcconfig"; sourceTree = "<group>"; };
		FE2BEDE851FEE31011E17D46 /* Pods-Nix.debug.xcconfig */ = {isa = PBXFileReference; includeInIndex = 1; lastKnownFileType = text.xcconfig; name = "Pods-Nix.debug.xcconfig"; path = "Target Support Files/Pods-Nix/Pods-Nix.debug.xcconfig"; sourceTree = "<group>"; };
/* End PBXFileReference section */

/* Begin PBXFrameworksBuildPhase section */
		3F7234952B86C8CF0095EA42 /* Frameworks */ = {
			isa = PBXFrameworksBuildPhase;
			buildActionMask = 2147483647;
			files = (
				3B7F194D2BAE2D8400926FE2 /* FirebaseAuth in Frameworks */,
				3B7F194F2BAE2D8400926FE2 /* FirebaseFirestore in Frameworks */,
				3B7F19512BAE2D8400926FE2 /* FirebaseFirestoreSwift in Frameworks */,
				00DB29C7813228BBA1A80B4B /* Pods_Nix.framework in Frameworks */,
			);
			runOnlyForDeploymentPostprocessing = 0;
		};
		3F856E682B9D8EEE00E479EB /* Frameworks */ = {
			isa = PBXFrameworksBuildPhase;
			buildActionMask = 2147483647;
			files = (
			);
			runOnlyForDeploymentPostprocessing = 0;
		};
		3FA437652C0B6E9F00520D13 /* Frameworks */ = {
			isa = PBXFrameworksBuildPhase;
			buildActionMask = 2147483647;
			files = (
				3FA4376A2C0B6E9F00520D13 /* ManagedSettings.framework in Frameworks */,
			);
			runOnlyForDeploymentPostprocessing = 0;
		};
		3FA437772C0B729B00520D13 /* Frameworks */ = {
			isa = PBXFrameworksBuildPhase;
			buildActionMask = 2147483647;
			files = (
				3F312BB42C1C12BD004798E7 /* FirebaseFirestoreSwift in Frameworks */,
				3FA4377B2C0B729B00520D13 /* ManagedSettings.framework in Frameworks */,
				3FA4377D2C0B729B00520D13 /* ManagedSettingsUI.framework in Frameworks */,
				3F312BB02C1C12A8004798E7 /* FirebaseFirestore in Frameworks */,
				3F312BB22C1C12B7004798E7 /* FirebaseAuth in Frameworks */,
			);
			runOnlyForDeploymentPostprocessing = 0;
		};
		3FEFA7A52BA61A740074F1EC /* Frameworks */ = {
			isa = PBXFrameworksBuildPhase;
			buildActionMask = 2147483647;
			files = (
			);
			runOnlyForDeploymentPostprocessing = 0;
		};
/* End PBXFrameworksBuildPhase section */

/* Begin PBXGroup section */
		36059B5D3C4473F59CD89E6E /* Frameworks */ = {
			isa = PBXGroup;
			children = (
				25B5C470ABA7A74EDA27DAF3 /* Pods_Nix.framework */,
				3FA437692C0B6E9F00520D13 /* ManagedSettings.framework */,
				3FA4377C2C0B729B00520D13 /* ManagedSettingsUI.framework */,
			);
			name = Frameworks;
			sourceTree = "<group>";
		};
		3B3222212BB0C5450037FE2D /* Settings Views */ = {
			isa = PBXGroup;
			children = (
				3B3222072BB0C4990037FE2D /* EditProfileView.swift */,
				3B3222092BB0C4AE0037FE2D /* SecurityView.swift */,
				3B32220D2BB0C4CE0037FE2D /* NotificationsView.swift */,
				3B32220F2BB0C4D90037FE2D /* PrivacyView.swift */,
				3B3222112BB0C4E70037FE2D /* MySubscriptionView.swift */,
				3B3222132BB0C4F40037FE2D /* HelpAndSupportView.swift */,
				3B3222152BB0C5000037FE2D /* TermsAndPolView.swift */,
				3B3222172BB0C5090037FE2D /* FreeUpSpaceView.swift */,
				3B3222192BB0C51A0037FE2D /* DataSaverView.swift */,
				3B32221B2BB0C5270037FE2D /* ReportAProblemView.swift */,
				3B32221D2BB0C5340037FE2D /* AddAccountView.swift */,
				3B32221F2BB0C5400037FE2D /* LogOutView.swift */,
			);
			path = "Settings Views";
			sourceTree = "<group>";
		};
		3BCBF7B42C0ADFFB00F7532B /* Onboarding Views */ = {
			isa = PBXGroup;
			children = (
				3BCBF7A62C0A349700F7532B /* Onboarding1View.swift */,
				3BCBF7A82C0A41BA00F7532B /* Onboarding2View.swift */,
				3BCBF7AC2C0A433D00F7532B /* ArrowButtonView.swift */,
				3BCBF7AE2C0A435100F7532B /* ButtonView.swift */,
				3BCBF7B02C0A4E8F00F7532B /* OnboardingProgressBarView.swift */,
				3BCBF7B22C0A53D800F7532B /* OnboardingBackgroundView.swift */,
				3BCBF7B52C0AE7FE00F7532B /* Onboarding3View.swift */,
				3BCBF7BF2C0E71C700F7532B /* Onboarding3AView.swift */,
				3BCBF7B92C0D5A8000F7532B /* Onboarding4View.swift */,
				3BCBF7BB2C0D743700F7532B /* Onboarding5View.swift */,
				3BCBF7BD2C0D74C700F7532B /* OptionButtonView.swift */,
				3BA6CA852C0FC2DE0031B2E1 /* Onboarding6View.swift */,
				3BA6CA872C0FFF870031B2E1 /* Onboarding6AView.swift */,
				3BA6CA892C1108C30031B2E1 /* Onboarding7View.swift */,
				3BA6CA8B2C110BCB0031B2E1 /* Onboarding8View.swift */,
				3BA6CA8D2C112F8D0031B2E1 /* Onboarding9View.swift */,
				3F7234C82B86CAF70095EA42 /* RegisterView.swift */,
				3BCBF7C12C0EC39400F7532B /* UserSettings.swift */,
				3BA6CA8F2C114CA10031B2E1 /* Onboarding10View.swift */,
			);
			path = "Onboarding Views";
			sourceTree = "<group>";
		};
		3F47EBC22C0E4D010043507C /* Resources */ = {
			isa = PBXGroup;
			children = (
				3F47EBC12C0E4D010043507C /* templates.json */,
			);
			path = Resources;
			sourceTree = "<group>";
		};
		3F72348F2B86C8CF0095EA42 = {
			isa = PBXGroup;
			children = (
				3F72349A2B86C8CF0095EA42 /* Nix */,
				3F856E6C2B9D8EEE00E479EB /* ReportExtension Nix */,
				3FEFA7A92BA61A740074F1EC /* DeviceActivityExtension */,
				3FA4376B2C0B6E9F00520D13 /* ShieldAction */,
				3FA4377E2C0B729B00520D13 /* ShieldConfig */,
				3F7234992B86C8CF0095EA42 /* Products */,
				EF20467D81C37E211C022C97 /* Pods */,
				36059B5D3C4473F59CD89E6E /* Frameworks */,
			);
			sourceTree = "<group>";
		};
		3F7234992B86C8CF0095EA42 /* Products */ = {
			isa = PBXGroup;
			children = (
				3F7234982B86C8CF0095EA42 /* Nix.app */,
				3F856E6B2B9D8EEE00E479EB /* ReportExtension Nix.appex */,
				3FEFA7A82BA61A740074F1EC /* DeviceActivityExtension.appex */,
				3FA437682C0B6E9F00520D13 /* ShieldAction.appex */,
				3FA4377A2C0B729B00520D13 /* ShieldConfig.appex */,
			);
			name = Products;
			sourceTree = "<group>";
		};
		3F72349A2B86C8CF0095EA42 /* Nix */ = {
			isa = PBXGroup;
			children = (
				3F47EBC22C0E4D010043507C /* Resources */,
				3F7234A12B86C8D20095EA42 /* Preview Content */,
				3F262D6A2B995F4F0080214E /* Nix.entitlements */,
				3FB234262B8872E0007894D5 /* Info.plist */,
				3F7234AB2B86CA840095EA42 /* Other */,
				3F7234B52B86CAF70095EA42 /* ViewModels */,
				3F7234AE2B86CAD80095EA42 /* Models */,
				3F7234BF2B86CAF70095EA42 /* Views */,
			);
			path = Nix;
			sourceTree = "<group>";
		};
		3F7234A12B86C8D20095EA42 /* Preview Content */ = {
			isa = PBXGroup;
			children = (
				3F7234A22B86C8D20095EA42 /* Preview Assets.xcassets */,
			);
			path = "Preview Content";
			sourceTree = "<group>";
		};
		3F7234AB2B86CA840095EA42 /* Other */ = {
			isa = PBXGroup;
			children = (
				3F7234A92B86C93A0095EA42 /* GoogleService-Info.plist */,
				3F72352A2B86D6340095EA42 /* client_619760553436-cvr4rum3g66l7knjji81n76n1rag8i0b.apps.googleusercontent.com.plist */,
				3FB234242B8871FF007894D5 /* client_secret_619760553436-cr1od3vc3nm146b1ae2eq5bnf76iu2mm.apps.googleusercontent.com.json */,
				3F72349D2B86C8CF0095EA42 /* ContentView.swift */,
				3F7235262B86CCD30095EA42 /* Extensions.swift */,
				3F7235282B86CD540095EA42 /* NixApp.swift */,
				3F7B97182B87116F00F465D2 /* DataExtension.swift */,
				3F7B971A2B8791FC00F465D2 /* ViewController.swift */,
				3F72349F2B86C8D20095EA42 /* Assets.xcassets */,
				3BCBF7B72C0D4EC200F7532B /* Colors.swift */,
			);
			path = Other;
			sourceTree = "<group>";
		};
		3F7234AE2B86CAD80095EA42 /* Models */ = {
			isa = PBXGroup;
			children = (
				3F7234AF2B86CAD80095EA42 /* RuleItem.swift */,
				3F7B97162B87110700F465D2 /* CalendarModel.swift */,
				3F9EB4E92C10F3240019200C /* AppGroupModel.swift */,
				3F6A89482BA5EAEC00DDE9AB /* BlockedAppsModel.swift */,
				3F7234B02B86CAD80095EA42 /* User.swift */,
				3F7234B12B86CAD80095EA42 /* RuleTemplateItem.swift */,
			);
			path = Models;
			sourceTree = "<group>";
		};
		3F7234B52B86CAF70095EA42 /* ViewModels */ = {
			isa = PBXGroup;
			children = (
				3F7234B62B86CAF70095EA42 /* PomodoroViewViewModel.swift */,
				3F7234B72B86CAF70095EA42 /* SettingsViewViewModel.swift */,
				3F312BAD2C1BACC7004798E7 /* TimeOutNotiViewViewModel.swift */,
				3F9EB4E72C103CC00019200C /* BlockedAppsViewViewModel.swift */,
				3F7234B82B86CAF70095EA42 /* RulesViewViewModel.swift */,
				3F7234B92B86CAF70095EA42 /* NewRuleItemViewViewModel.swift */,
				3FB234292B889A82007894D5 /* GoogleCalendarViewViewModel.swift */,
				3F7234BA2B86CAF70095EA42 /* RuleSettingsViewViewModel.swift */,
				3FCB35FD2B92795A00FB6088 /* ProfileViewViewModel.swift */,
				3F7234BB2B86CAF70095EA42 /* MainViewViewModel.swift */,
				3F7234BC2B86CAF70095EA42 /* HomepageViewViewModel.swift */,
				3F9EB4E52C102A4F0019200C /* NewBlockedAppsViewViewModel.swift */,
				3F7234BD2B86CAF70095EA42 /* RegisterViewViewModel.swift */,
				3F86B2E52BA3468600F39E9B /* EditRuleItemViewViewModel.swift */,
				3F7234BE2B86CAF70095EA42 /* LoginViewViewModel.swift */,
			);
			path = ViewModels;
			sourceTree = "<group>";
		};
		3F7234BF2B86CAF70095EA42 /* Views */ = {
			isa = PBXGroup;
			children = (
				3BCBF7B42C0ADFFB00F7532B /* Onboarding Views */,
				3B3222212BB0C5450037FE2D /* Settings Views */,
				3F7234C02B86CAF70095EA42 /* SettingsView.swift */,
				3F9EB4E12C10224F0019200C /* BlockedAppsView.swift */,
				3F9EB4E32C1029AB0019200C /* NewBlockedAppsView.swift */,
				3F7234C12B86CAF70095EA42 /* LoginView.swift */,
				3FF3EA342C18A9390074977C /* TimeOutView.swift */,
				3F7234C22B86CAF70095EA42 /* RuleItemView.swift */,
				3FF59BC82B8F99A400428DBB /* NewRuleItemView.swift */,
				3F86B2E12BA32DD200F39E9B /* EditRuleItemView.swift */,
				3F7234C32B86CAF70095EA42 /* PomodoroView.swift */,
				3F91F2E22BA6180200DE07BC /* TLButton.swift */,
				3F7234C42B86CAF70095EA42 /* QuickStartBtnView.swift */,
				3F7234C52B86CAF70095EA42 /* LoginSignUpHeaderView.swift */,
				3F7234C62B86CAF70095EA42 /* RulesView.swift */,
				3FF3EA302C1792540074977C /* TimeOutNotiView.swift */,
				3FF3EA322C17D1690074977C /* TimeOutQuestionView.swift */,
				3FCB35FB2B92783900FB6088 /* ProfileView.swift */,
				3F7B97102B870DBD00F465D2 /* ViewControllerRepresentableView.swift */,
				3F735A522B885BFB00A0F2F1 /* CalendarView.swift */,
				3F7234CA2B86CAF70095EA42 /* MainView.swift */,
				3F7234CB2B86CAF70095EA42 /* HomepageView.swift */,
				3F856E832B9F6A7700E479EB /* TotalActivityTabView.swift */,
				3F7234CC2B86CAF70095EA42 /* ResponsiveView.swift */,
			);
			path = Views;
			sourceTree = "<group>";
		};
		3F856E6C2B9D8EEE00E479EB /* ReportExtension Nix */ = {
			isa = PBXGroup;
			children = (
				3F856E7C2B9D941600E479EB /* DeviceActivityModel.swift */,
				3F856E6D2B9D8EEE00E479EB /* ReportExtension_Nix.swift */,
				3F856E6F2B9D8EEE00E479EB /* TotalScreenTimeReport.swift */,
				3F856E7F2B9E2B1100E479EB /* TotalActivityReport.swift */,
				3F856E812B9E305D00E479EB /* TotalActivityView.swift */,
				3F856E852B9F73FA00E479EB /* TotalActivityItemView.swift */,
				3F856E712B9D8EEE00E479EB /* TotalScreenTimeView.swift */,
				3F856E732B9D8EEE00E479EB /* Info.plist */,
				3F856E742B9D8EEE00E479EB /* ReportExtension_Nix.entitlements */,
			);
			path = "ReportExtension Nix";
			sourceTree = "<group>";
		};
		3FA4376B2C0B6E9F00520D13 /* ShieldAction */ = {
			isa = PBXGroup;
			children = (
				3FA4376C2C0B6E9F00520D13 /* ShieldActionExtension.swift */,
				3FA4376E2C0B6E9F00520D13 /* Info.plist */,
				3FA4376F2C0B6E9F00520D13 /* ShieldAction.entitlements */,
			);
			path = ShieldAction;
			sourceTree = "<group>";
		};
		3FA4377E2C0B729B00520D13 /* ShieldConfig */ = {
			isa = PBXGroup;
			children = (
				3FA4377F2C0B729B00520D13 /* ShieldConfigurationExtension.swift */,
				3FA437812C0B729B00520D13 /* Info.plist */,
				3FA437822C0B729B00520D13 /* ShieldConfig.entitlements */,
			);
			path = ShieldConfig;
			sourceTree = "<group>";
		};
		3FEFA7A92BA61A740074F1EC /* DeviceActivityExtension */ = {
			isa = PBXGroup;
			children = (
				3FEFA7BD2BA64A830074F1EC /* DeviceActivityExtension.entitlements */,
				3FEFA7AA2BA61A740074F1EC /* DeviceActivityExtension.swift */,
				3FEFA7AC2BA61A740074F1EC /* Info.plist */,
			);
			path = DeviceActivityExtension;
			sourceTree = "<group>";
		};
		EF20467D81C37E211C022C97 /* Pods */ = {
			isa = PBXGroup;
			children = (
				FE2BEDE851FEE31011E17D46 /* Pods-Nix.debug.xcconfig */,
				E12A997F22116869190E240E /* Pods-Nix.release.xcconfig */,
			);
			path = Pods;
			sourceTree = "<group>";
		};
/* End PBXGroup section */

/* Begin PBXNativeTarget section */
		3F7234972B86C8CF0095EA42 /* Nix */ = {
			isa = PBXNativeTarget;
			buildConfigurationList = 3F7234A62B86C8D20095EA42 /* Build configuration list for PBXNativeTarget "Nix" */;
			buildPhases = (
				C3E6C2FE384DCCAC05B1851C /* [CP] Check Pods Manifest.lock */,
				3F7234942B86C8CF0095EA42 /* Sources */,
				3F7234952B86C8CF0095EA42 /* Frameworks */,
				3F7234962B86C8CF0095EA42 /* Resources */,
				3F856E7B2B9D8EEE00E479EB /* Embed ExtensionKit Extensions */,
				3F7C8EF22BA12EEA00148CEA /* Embed Foundation Extensions */,
				4914CADFD75A78FD13C5631A /* [CP] Embed Pods Frameworks */,
				32A37E538672B7599C94B0E9 /* [CP] Copy Pods Resources */,
			);
			buildRules = (
			);
			dependencies = (
				3F856E762B9D8EEE00E479EB /* PBXTargetDependency */,
				3FEFA7AE2BA61A740074F1EC /* PBXTargetDependency */,
				3FA437712C0B6E9F00520D13 /* PBXTargetDependency */,
				3FA437842C0B729B00520D13 /* PBXTargetDependency */,
			);
			name = Nix;
			packageProductDependencies = (
				3B7F194C2BAE2D8400926FE2 /* FirebaseAuth */,
				3B7F194E2BAE2D8400926FE2 /* FirebaseFirestore */,
				3B7F19502BAE2D8400926FE2 /* FirebaseFirestoreSwift */,
			);
			productName = Nix;
			productReference = 3F7234982B86C8CF0095EA42 /* Nix.app */;
			productType = "com.apple.product-type.application";
		};
		3F856E6A2B9D8EEE00E479EB /* ReportExtension Nix */ = {
			isa = PBXNativeTarget;
			buildConfigurationList = 3F856E782B9D8EEE00E479EB /* Build configuration list for PBXNativeTarget "ReportExtension Nix" */;
			buildPhases = (
				3F856E672B9D8EEE00E479EB /* Sources */,
				3F856E682B9D8EEE00E479EB /* Frameworks */,
				3F856E692B9D8EEE00E479EB /* Resources */,
			);
			buildRules = (
			);
			dependencies = (
			);
			name = "ReportExtension Nix";
			productName = "ReportExtension Nix";
			productReference = 3F856E6B2B9D8EEE00E479EB /* ReportExtension Nix.appex */;
			productType = "com.apple.product-type.extensionkit-extension";
		};
		3FA437672C0B6E9F00520D13 /* ShieldAction */ = {
			isa = PBXNativeTarget;
			buildConfigurationList = 3FA437752C0B6E9F00520D13 /* Build configuration list for PBXNativeTarget "ShieldAction" */;
			buildPhases = (
				3FA437642C0B6E9F00520D13 /* Sources */,
				3FA437652C0B6E9F00520D13 /* Frameworks */,
				3FA437662C0B6E9F00520D13 /* Resources */,
			);
			buildRules = (
			);
			dependencies = (
			);
			name = ShieldAction;
			productName = ShieldAction;
			productReference = 3FA437682C0B6E9F00520D13 /* ShieldAction.appex */;
			productType = "com.apple.product-type.app-extension";
		};
		3FA437792C0B729B00520D13 /* ShieldConfig */ = {
			isa = PBXNativeTarget;
			buildConfigurationList = 3FA437862C0B729B00520D13 /* Build configuration list for PBXNativeTarget "ShieldConfig" */;
			buildPhases = (
				3FA437762C0B729B00520D13 /* Sources */,
				3FA437772C0B729B00520D13 /* Frameworks */,
				3FA437782C0B729B00520D13 /* Resources */,
			);
			buildRules = (
			);
			dependencies = (
			);
			name = ShieldConfig;
			packageProductDependencies = (
				3F312BAF2C1C12A8004798E7 /* FirebaseFirestore */,
				3F312BB12C1C12B7004798E7 /* FirebaseAuth */,
				3F312BB32C1C12BD004798E7 /* FirebaseFirestoreSwift */,
			);
			productName = ShieldConfig;
			productReference = 3FA4377A2C0B729B00520D13 /* ShieldConfig.appex */;
			productType = "com.apple.product-type.app-extension";
		};
		3FEFA7A72BA61A740074F1EC /* DeviceActivityExtension */ = {
			isa = PBXNativeTarget;
			buildConfigurationList = 3FEFA7B02BA61A740074F1EC /* Build configuration list for PBXNativeTarget "DeviceActivityExtension" */;
			buildPhases = (
				3FEFA7A42BA61A740074F1EC /* Sources */,
				3FEFA7A52BA61A740074F1EC /* Frameworks */,
				3FEFA7A62BA61A740074F1EC /* Resources */,
			);
			buildRules = (
			);
			dependencies = (
			);
			name = DeviceActivityExtension;
			packageProductDependencies = (
			);
			productName = DeviceActivityExtension;
			productReference = 3FEFA7A82BA61A740074F1EC /* DeviceActivityExtension.appex */;
			productType = "com.apple.product-type.app-extension";
		};
/* End PBXNativeTarget section */

/* Begin PBXProject section */
		3F7234902B86C8CF0095EA42 /* Project object */ = {
			isa = PBXProject;
			attributes = {
				BuildIndependentTargetsInParallel = 1;
				LastSwiftUpdateCheck = 1530;
				LastUpgradeCheck = 1520;
				TargetAttributes = {
					3F7234972B86C8CF0095EA42 = {
						CreatedOnToolsVersion = 15.2;
					};
					3F856E6A2B9D8EEE00E479EB = {
						CreatedOnToolsVersion = 15.3;
					};
					3FA437672C0B6E9F00520D13 = {
						CreatedOnToolsVersion = 15.3;
					};
					3FA437792C0B729B00520D13 = {
						CreatedOnToolsVersion = 15.3;
					};
					3FEFA7A72BA61A740074F1EC = {
						CreatedOnToolsVersion = 15.3;
					};
				};
			};
			buildConfigurationList = 3F7234932B86C8CF0095EA42 /* Build configuration list for PBXProject "Nix" */;
			compatibilityVersion = "Xcode 14.0";
			developmentRegion = en;
			hasScannedForEncodings = 0;
			knownRegions = (
				en,
				Base,
			);
			mainGroup = 3F72348F2B86C8CF0095EA42;
			packageReferences = (
				3F7234E32B86CB480095EA42 /* XCRemoteSwiftPackageReference "firebase-ios-sdk" */,
			);
			productRefGroup = 3F7234992B86C8CF0095EA42 /* Products */;
			projectDirPath = "";
			projectRoot = "";
			targets = (
				3F7234972B86C8CF0095EA42 /* Nix */,
				3F856E6A2B9D8EEE00E479EB /* ReportExtension Nix */,
				3FEFA7A72BA61A740074F1EC /* DeviceActivityExtension */,
				3FA437672C0B6E9F00520D13 /* ShieldAction */,
				3FA437792C0B729B00520D13 /* ShieldConfig */,
			);
		};
/* End PBXProject section */

/* Begin PBXResourcesBuildPhase section */
		3F7234962B86C8CF0095EA42 /* Resources */ = {
			isa = PBXResourcesBuildPhase;
			buildActionMask = 2147483647;
			files = (
				3F7234A32B86C8D20095EA42 /* Preview Assets.xcassets in Resources */,
				3FB234252B8871FF007894D5 /* client_secret_619760553436-cr1od3vc3nm146b1ae2eq5bnf76iu2mm.apps.googleusercontent.com.json in Resources */,
				3F7234A02B86C8D20095EA42 /* Assets.xcassets in Resources */,
				3F7234AA2B86C93A0095EA42 /* GoogleService-Info.plist in Resources */,
				3F72352B2B86D6350095EA42 /* client_619760553436-cvr4rum3g66l7knjji81n76n1rag8i0b.apps.googleusercontent.com.plist in Resources */,
				3F47EBC32C0E4D010043507C /* templates.json in Resources */,
			);
			runOnlyForDeploymentPostprocessing = 0;
		};
		3F856E692B9D8EEE00E479EB /* Resources */ = {
			isa = PBXResourcesBuildPhase;
			buildActionMask = 2147483647;
			files = (
			);
			runOnlyForDeploymentPostprocessing = 0;
		};
		3FA437662C0B6E9F00520D13 /* Resources */ = {
			isa = PBXResourcesBuildPhase;
			buildActionMask = 2147483647;
			files = (
				3FA437892C0BB62500520D13 /* Assets.xcassets in Resources */,
			);
			runOnlyForDeploymentPostprocessing = 0;
		};
		3FA437782C0B729B00520D13 /* Resources */ = {
			isa = PBXResourcesBuildPhase;
			buildActionMask = 2147483647;
			files = (
				3FA4378A2C0BB62500520D13 /* Assets.xcassets in Resources */,
			);
			runOnlyForDeploymentPostprocessing = 0;
		};
		3FEFA7A62BA61A740074F1EC /* Resources */ = {
			isa = PBXResourcesBuildPhase;
			buildActionMask = 2147483647;
			files = (
			);
			runOnlyForDeploymentPostprocessing = 0;
		};
/* End PBXResourcesBuildPhase section */

/* Begin PBXShellScriptBuildPhase section */
		32A37E538672B7599C94B0E9 /* [CP] Copy Pods Resources */ = {
			isa = PBXShellScriptBuildPhase;
			buildActionMask = 2147483647;
			files = (
			);
			inputFileListPaths = (
				"${PODS_ROOT}/Target Support Files/Pods-Nix/Pods-Nix-resources-${CONFIGURATION}-input-files.xcfilelist",
			);
			name = "[CP] Copy Pods Resources";
			outputFileListPaths = (
				"${PODS_ROOT}/Target Support Files/Pods-Nix/Pods-Nix-resources-${CONFIGURATION}-output-files.xcfilelist",
			);
			runOnlyForDeploymentPostprocessing = 0;
			shellPath = /bin/sh;
			shellScript = "\"${PODS_ROOT}/Target Support Files/Pods-Nix/Pods-Nix-resources.sh\"\n";
			showEnvVarsInLog = 0;
		};
		4914CADFD75A78FD13C5631A /* [CP] Embed Pods Frameworks */ = {
			isa = PBXShellScriptBuildPhase;
			buildActionMask = 2147483647;
			files = (
			);
			inputFileListPaths = (
				"${PODS_ROOT}/Target Support Files/Pods-Nix/Pods-Nix-frameworks-${CONFIGURATION}-input-files.xcfilelist",
			);
			name = "[CP] Embed Pods Frameworks";
			outputFileListPaths = (
				"${PODS_ROOT}/Target Support Files/Pods-Nix/Pods-Nix-frameworks-${CONFIGURATION}-output-files.xcfilelist",
			);
			runOnlyForDeploymentPostprocessing = 0;
			shellPath = /bin/sh;
			shellScript = "\"${PODS_ROOT}/Target Support Files/Pods-Nix/Pods-Nix-frameworks.sh\"\n";
			showEnvVarsInLog = 0;
		};
		C3E6C2FE384DCCAC05B1851C /* [CP] Check Pods Manifest.lock */ = {
			isa = PBXShellScriptBuildPhase;
			buildActionMask = 2147483647;
			files = (
			);
			inputFileListPaths = (
			);
			inputPaths = (
				"${PODS_PODFILE_DIR_PATH}/Podfile.lock",
				"${PODS_ROOT}/Manifest.lock",
			);
			name = "[CP] Check Pods Manifest.lock";
			outputFileListPaths = (
			);
			outputPaths = (
				"$(DERIVED_FILE_DIR)/Pods-Nix-checkManifestLockResult.txt",
			);
			runOnlyForDeploymentPostprocessing = 0;
			shellPath = /bin/sh;
			shellScript = "diff \"${PODS_PODFILE_DIR_PATH}/Podfile.lock\" \"${PODS_ROOT}/Manifest.lock\" > /dev/null\nif [ $? != 0 ] ; then\n    # print error to STDERR\n    echo \"error: The sandbox is not in sync with the Podfile.lock. Run 'pod install' or update your CocoaPods installation.\" >&2\n    exit 1\nfi\n# This output is used by Xcode 'outputs' to avoid re-running this script phase.\necho \"SUCCESS\" > \"${SCRIPT_OUTPUT_FILE_0}\"\n";
			showEnvVarsInLog = 0;
		};
/* End PBXShellScriptBuildPhase section */

/* Begin PBXSourcesBuildPhase section */
		3F7234942B86C8CF0095EA42 /* Sources */ = {
			isa = PBXSourcesBuildPhase;
			buildActionMask = 2147483647;
			files = (
				3BA6CA882C0FFF870031B2E1 /* Onboarding6AView.swift in Sources */,
				3BCBF7BE2C0D74C700F7532B /* OptionButtonView.swift in Sources */,
				3F7234D62B86CAF70095EA42 /* SettingsView.swift in Sources */,
				3BCBF7B82C0D4EC200F7532B /* Colors.swift in Sources */,
				3BCBF7C02C0E71C700F7532B /* Onboarding3AView.swift in Sources */,
				3BCBF7A72C0A349700F7532B /* Onboarding1View.swift in Sources */,
				3F7234D82B86CAF70095EA42 /* RuleItemView.swift in Sources */,
				3BCBF7AF2C0A435100F7532B /* ButtonView.swift in Sources */,
				3B3222142BB0C4F40037FE2D /* HelpAndSupportView.swift in Sources */,
				3F7234D02B86CAF70095EA42 /* NewRuleItemViewViewModel.swift in Sources */,
				3FCB35FE2B92795A00FB6088 /* ProfileViewViewModel.swift in Sources */,
				3F86B2E62BA3468600F39E9B /* EditRuleItemViewViewModel.swift in Sources */,
				3F7234D52B86CAF70095EA42 /* LoginViewViewModel.swift in Sources */,
				3BCBF7B32C0A53D800F7532B /* OnboardingBackgroundView.swift in Sources */,
				3F7234B32B86CAD80095EA42 /* User.swift in Sources */,
				3B3222182BB0C5090037FE2D /* FreeUpSpaceView.swift in Sources */,
				3F38E3872BA61154001E57CE /* NewRuleItemView.swift in Sources */,
				3FCB35FC2B92783900FB6088 /* ProfileView.swift in Sources */,
				3F9EB4E62C102A4F0019200C /* NewBlockedAppsViewViewModel.swift in Sources */,
				3F91F2E32BA6180200DE07BC /* TLButton.swift in Sources */,
				3B32221C2BB0C5270037FE2D /* ReportAProblemView.swift in Sources */,
				3F7234D22B86CAF70095EA42 /* MainViewViewModel.swift in Sources */,
				3F7B97112B870DBD00F465D2 /* ViewControllerRepresentableView.swift in Sources */,
				3FF3EA352C18A9390074977C /* TimeOutView.swift in Sources */,
				3F9EB4E82C103CC00019200C /* BlockedAppsViewViewModel.swift in Sources */,
				3F72349E2B86C8CF0095EA42 /* ContentView.swift in Sources */,
				3F7234CD2B86CAF70095EA42 /* PomodoroViewViewModel.swift in Sources */,
				3BCBF7A92C0A41BA00F7532B /* Onboarding2View.swift in Sources */,
				3B32221A2BB0C51A0037FE2D /* DataSaverView.swift in Sources */,
				3B3222082BB0C4990037FE2D /* EditProfileView.swift in Sources */,
				3B32220E2BB0C4CE0037FE2D /* NotificationsView.swift in Sources */,
				3F7234DE2B86CAF70095EA42 /* RegisterView.swift in Sources */,
				3F856E842B9F6A7700E479EB /* TotalActivityTabView.swift in Sources */,
				3BCBF7B62C0AE7FE00F7532B /* Onboarding3View.swift in Sources */,
				3F7234B22B86CAD80095EA42 /* RuleItem.swift in Sources */,
				3BCBF7AD2C0A433D00F7532B /* ArrowButtonView.swift in Sources */,
				3FB2342A2B889A82007894D5 /* GoogleCalendarViewViewModel.swift in Sources */,
				3F7234E22B86CAF70095EA42 /* ResponsiveView.swift in Sources */,
				3BCBF7BA2C0D5A8000F7532B /* Onboarding4View.swift in Sources */,
				3F7234DB2B86CAF70095EA42 /* LoginSignUpHeaderView.swift in Sources */,
				3F9EB4E22C10224F0019200C /* BlockedAppsView.swift in Sources */,
				3FF3EA312C1792540074977C /* TimeOutNotiView.swift in Sources */,
				3BA6CA8E2C112F8D0031B2E1 /* Onboarding9View.swift in Sources */,
				3B3222202BB0C5400037FE2D /* LogOutView.swift in Sources */,
				3F735A532B885BFB00A0F2F1 /* CalendarView.swift in Sources */,
				3F7234DA2B86CAF70095EA42 /* QuickStartBtnView.swift in Sources */,
				3B3222122BB0C4E70037FE2D /* MySubscriptionView.swift in Sources */,
				3F7234E02B86CAF70095EA42 /* MainView.swift in Sources */,
				3FEFA7C52BA7E6780074F1EC /* BlockedAppsModel.swift in Sources */,
				3F7234D92B86CAF70095EA42 /* PomodoroView.swift in Sources */,
				3BCBF7C22C0EC39400F7532B /* UserSettings.swift in Sources */,
				3B3222102BB0C4D90037FE2D /* PrivacyView.swift in Sources */,
				3F7234E12B86CAF70095EA42 /* HomepageView.swift in Sources */,
				3FF3EA332C17D1690074977C /* TimeOutQuestionView.swift in Sources */,
				3F9EB4EA2C10F3240019200C /* AppGroupModel.swift in Sources */,
				3BCBF7BC2C0D743700F7532B /* Onboarding5View.swift in Sources */,
				3F7234D42B86CAF70095EA42 /* RegisterViewViewModel.swift in Sources */,
				3BA6CA8A2C1108C30031B2E1 /* Onboarding7View.swift in Sources */,
				3B32221E2BB0C5340037FE2D /* AddAccountView.swift in Sources */,
				3BCBF7B12C0A4E8F00F7532B /* OnboardingProgressBarView.swift in Sources */,
				3F7235292B86CD540095EA42 /* NixApp.swift in Sources */,
				3F7234DC2B86CAF70095EA42 /* RulesView.swift in Sources */,
				3F9EB4E42C1029AC0019200C /* NewBlockedAppsView.swift in Sources */,
				3F7234CF2B86CAF70095EA42 /* RulesViewViewModel.swift in Sources */,
				3F86B2E22BA32DD200F39E9B /* EditRuleItemView.swift in Sources */,
				3F312BAE2C1BACC7004798E7 /* TimeOutNotiViewViewModel.swift in Sources */,
				3F7B97192B87116F00F465D2 /* DataExtension.swift in Sources */,
				3F7B971B2B8791FC00F465D2 /* ViewController.swift in Sources */,
				3F7B97172B87110700F465D2 /* CalendarModel.swift in Sources */,
				3B3222162BB0C5000037FE2D /* TermsAndPolView.swift in Sources */,
				3B32220A2BB0C4AE0037FE2D /* SecurityView.swift in Sources */,
				3F7234CE2B86CAF70095EA42 /* SettingsViewViewModel.swift in Sources */,
				3BA6CA902C114CA10031B2E1 /* Onboarding10View.swift in Sources */,
				3F7234D12B86CAF70095EA42 /* RuleSettingsViewViewModel.swift in Sources */,
				3F7234B42B86CAD80095EA42 /* RuleTemplateItem.swift in Sources */,
				3BA6CA8C2C110BCB0031B2E1 /* Onboarding8View.swift in Sources */,
				3F7234D72B86CAF70095EA42 /* LoginView.swift in Sources */,
				3F7234D32B86CAF70095EA42 /* HomepageViewViewModel.swift in Sources */,
				3BA6CA862C0FC2DE0031B2E1 /* Onboarding6View.swift in Sources */,
				3F7235272B86CCD30095EA42 /* Extensions.swift in Sources */,
			);
			runOnlyForDeploymentPostprocessing = 0;
		};
		3F856E672B9D8EEE00E479EB /* Sources */ = {
			isa = PBXSourcesBuildPhase;
			buildActionMask = 2147483647;
			files = (
				3F856E822B9E305D00E479EB /* TotalActivityView.swift in Sources */,
				3F856E722B9D8EEE00E479EB /* TotalScreenTimeView.swift in Sources */,
				3F856E802B9E2B1100E479EB /* TotalActivityReport.swift in Sources */,
				3F856E6E2B9D8EEE00E479EB /* ReportExtension_Nix.swift in Sources */,
				3F856E7E2B9D95DD00E479EB /* DeviceActivityModel.swift in Sources */,
				3F856E862B9F73FA00E479EB /* TotalActivityItemView.swift in Sources */,
				3F856E702B9D8EEE00E479EB /* TotalScreenTimeReport.swift in Sources */,
			);
			runOnlyForDeploymentPostprocessing = 0;
		};
		3FA437642C0B6E9F00520D13 /* Sources */ = {
			isa = PBXSourcesBuildPhase;
			buildActionMask = 2147483647;
			files = (
				3FA4376D2C0B6E9F00520D13 /* ShieldActionExtension.swift in Sources */,
			);
			runOnlyForDeploymentPostprocessing = 0;
		};
		3FA437762C0B729B00520D13 /* Sources */ = {
			isa = PBXSourcesBuildPhase;
			buildActionMask = 2147483647;
			files = (
				3FA437802C0B729B00520D13 /* ShieldConfigurationExtension.swift in Sources */,
			);
			runOnlyForDeploymentPostprocessing = 0;
		};
		3FEFA7A42BA61A740074F1EC /* Sources */ = {
			isa = PBXSourcesBuildPhase;
			buildActionMask = 2147483647;
			files = (
				3FEFA7D82BA8A30C0074F1EC /* BlockedAppsModel.swift in Sources */,
				3FEFA7AB2BA61A740074F1EC /* DeviceActivityExtension.swift in Sources */,
			);
			runOnlyForDeploymentPostprocessing = 0;
		};
/* End PBXSourcesBuildPhase section */

/* Begin PBXTargetDependency section */
		3F856E762B9D8EEE00E479EB /* PBXTargetDependency */ = {
			isa = PBXTargetDependency;
			target = 3F856E6A2B9D8EEE00E479EB /* ReportExtension Nix */;
			targetProxy = 3F856E752B9D8EEE00E479EB /* PBXContainerItemProxy */;
		};
		3FA437712C0B6E9F00520D13 /* PBXTargetDependency */ = {
			isa = PBXTargetDependency;
			target = 3FA437672C0B6E9F00520D13 /* ShieldAction */;
			targetProxy = 3FA437702C0B6E9F00520D13 /* PBXContainerItemProxy */;
		};
		3FA437842C0B729B00520D13 /* PBXTargetDependency */ = {
			isa = PBXTargetDependency;
			target = 3FA437792C0B729B00520D13 /* ShieldConfig */;
			targetProxy = 3FA437832C0B729B00520D13 /* PBXContainerItemProxy */;
		};
		3FEFA7AE2BA61A740074F1EC /* PBXTargetDependency */ = {
			isa = PBXTargetDependency;
			target = 3FEFA7A72BA61A740074F1EC /* DeviceActivityExtension */;
			targetProxy = 3FEFA7AD2BA61A740074F1EC /* PBXContainerItemProxy */;
		};
/* End PBXTargetDependency section */

/* Begin XCBuildConfiguration section */
		3F7234A42B86C8D20095EA42 /* Debug */ = {
			isa = XCBuildConfiguration;
			buildSettings = {
				ALWAYS_SEARCH_USER_PATHS = NO;
				ASSETCATALOG_COMPILER_GENERATE_SWIFT_ASSET_SYMBOL_EXTENSIONS = YES;
				CLANG_ANALYZER_NONNULL = YES;
				CLANG_ANALYZER_NUMBER_OBJECT_CONVERSION = YES_AGGRESSIVE;
				CLANG_CXX_LANGUAGE_STANDARD = "gnu++20";
				CLANG_ENABLE_MODULES = YES;
				CLANG_ENABLE_OBJC_ARC = YES;
				CLANG_ENABLE_OBJC_WEAK = YES;
				CLANG_WARN_BLOCK_CAPTURE_AUTORELEASING = YES;
				CLANG_WARN_BOOL_CONVERSION = YES;
				CLANG_WARN_COMMA = YES;
				CLANG_WARN_CONSTANT_CONVERSION = YES;
				CLANG_WARN_DEPRECATED_OBJC_IMPLEMENTATIONS = YES;
				CLANG_WARN_DIRECT_OBJC_ISA_USAGE = YES_ERROR;
				CLANG_WARN_DOCUMENTATION_COMMENTS = YES;
				CLANG_WARN_EMPTY_BODY = YES;
				CLANG_WARN_ENUM_CONVERSION = YES;
				CLANG_WARN_INFINITE_RECURSION = YES;
				CLANG_WARN_INT_CONVERSION = YES;
				CLANG_WARN_NON_LITERAL_NULL_CONVERSION = YES;
				CLANG_WARN_OBJC_IMPLICIT_RETAIN_SELF = YES;
				CLANG_WARN_OBJC_LITERAL_CONVERSION = YES;
				CLANG_WARN_OBJC_ROOT_CLASS = YES_ERROR;
				CLANG_WARN_QUOTED_INCLUDE_IN_FRAMEWORK_HEADER = YES;
				CLANG_WARN_RANGE_LOOP_ANALYSIS = YES;
				CLANG_WARN_STRICT_PROTOTYPES = YES;
				CLANG_WARN_SUSPICIOUS_MOVE = YES;
				CLANG_WARN_UNGUARDED_AVAILABILITY = YES_AGGRESSIVE;
				CLANG_WARN_UNREACHABLE_CODE = YES;
				CLANG_WARN__DUPLICATE_METHOD_MATCH = YES;
				COPY_PHASE_STRIP = NO;
				DEBUG_INFORMATION_FORMAT = dwarf;
				ENABLE_STRICT_OBJC_MSGSEND = YES;
				ENABLE_TESTABILITY = YES;
				ENABLE_USER_SCRIPT_SANDBOXING = NO;
				GCC_C_LANGUAGE_STANDARD = gnu17;
				GCC_DYNAMIC_NO_PIC = NO;
				GCC_NO_COMMON_BLOCKS = YES;
				GCC_OPTIMIZATION_LEVEL = 0;
				GCC_PREPROCESSOR_DEFINITIONS = (
					"DEBUG=1",
					"$(inherited)",
				);
				GCC_WARN_64_TO_32_BIT_CONVERSION = YES;
				GCC_WARN_ABOUT_RETURN_TYPE = YES_ERROR;
				GCC_WARN_UNDECLARED_SELECTOR = YES;
				GCC_WARN_UNINITIALIZED_AUTOS = YES_AGGRESSIVE;
				GCC_WARN_UNUSED_FUNCTION = YES;
				GCC_WARN_UNUSED_VARIABLE = YES;
				IPHONEOS_DEPLOYMENT_TARGET = 17.2;
				LOCALIZATION_PREFERS_STRING_CATALOGS = YES;
				MTL_ENABLE_DEBUG_INFO = INCLUDE_SOURCE;
				MTL_FAST_MATH = YES;
				ONLY_ACTIVE_ARCH = YES;
				SDKROOT = iphoneos;
				SWIFT_ACTIVE_COMPILATION_CONDITIONS = "DEBUG $(inherited)";
				SWIFT_OPTIMIZATION_LEVEL = "-Onone";
			};
			name = Debug;
		};
		3F7234A52B86C8D20095EA42 /* Release */ = {
			isa = XCBuildConfiguration;
			buildSettings = {
				ALWAYS_SEARCH_USER_PATHS = NO;
				ASSETCATALOG_COMPILER_GENERATE_SWIFT_ASSET_SYMBOL_EXTENSIONS = YES;
				CLANG_ANALYZER_NONNULL = YES;
				CLANG_ANALYZER_NUMBER_OBJECT_CONVERSION = YES_AGGRESSIVE;
				CLANG_CXX_LANGUAGE_STANDARD = "gnu++20";
				CLANG_ENABLE_MODULES = YES;
				CLANG_ENABLE_OBJC_ARC = YES;
				CLANG_ENABLE_OBJC_WEAK = YES;
				CLANG_WARN_BLOCK_CAPTURE_AUTORELEASING = YES;
				CLANG_WARN_BOOL_CONVERSION = YES;
				CLANG_WARN_COMMA = YES;
				CLANG_WARN_CONSTANT_CONVERSION = YES;
				CLANG_WARN_DEPRECATED_OBJC_IMPLEMENTATIONS = YES;
				CLANG_WARN_DIRECT_OBJC_ISA_USAGE = YES_ERROR;
				CLANG_WARN_DOCUMENTATION_COMMENTS = YES;
				CLANG_WARN_EMPTY_BODY = YES;
				CLANG_WARN_ENUM_CONVERSION = YES;
				CLANG_WARN_INFINITE_RECURSION = YES;
				CLANG_WARN_INT_CONVERSION = YES;
				CLANG_WARN_NON_LITERAL_NULL_CONVERSION = YES;
				CLANG_WARN_OBJC_IMPLICIT_RETAIN_SELF = YES;
				CLANG_WARN_OBJC_LITERAL_CONVERSION = YES;
				CLANG_WARN_OBJC_ROOT_CLASS = YES_ERROR;
				CLANG_WARN_QUOTED_INCLUDE_IN_FRAMEWORK_HEADER = YES;
				CLANG_WARN_RANGE_LOOP_ANALYSIS = YES;
				CLANG_WARN_STRICT_PROTOTYPES = YES;
				CLANG_WARN_SUSPICIOUS_MOVE = YES;
				CLANG_WARN_UNGUARDED_AVAILABILITY = YES_AGGRESSIVE;
				CLANG_WARN_UNREACHABLE_CODE = YES;
				CLANG_WARN__DUPLICATE_METHOD_MATCH = YES;
				COPY_PHASE_STRIP = NO;
				DEBUG_INFORMATION_FORMAT = "dwarf-with-dsym";
				ENABLE_NS_ASSERTIONS = NO;
				ENABLE_STRICT_OBJC_MSGSEND = YES;
				ENABLE_USER_SCRIPT_SANDBOXING = NO;
				GCC_C_LANGUAGE_STANDARD = gnu17;
				GCC_NO_COMMON_BLOCKS = YES;
				GCC_WARN_64_TO_32_BIT_CONVERSION = YES;
				GCC_WARN_ABOUT_RETURN_TYPE = YES_ERROR;
				GCC_WARN_UNDECLARED_SELECTOR = YES;
				GCC_WARN_UNINITIALIZED_AUTOS = YES_AGGRESSIVE;
				GCC_WARN_UNUSED_FUNCTION = YES;
				GCC_WARN_UNUSED_VARIABLE = YES;
				IPHONEOS_DEPLOYMENT_TARGET = 17.2;
				LOCALIZATION_PREFERS_STRING_CATALOGS = YES;
				MTL_ENABLE_DEBUG_INFO = NO;
				MTL_FAST_MATH = YES;
				SDKROOT = iphoneos;
				SWIFT_COMPILATION_MODE = wholemodule;
				VALIDATE_PRODUCT = YES;
			};
			name = Release;
		};
		3F7234A72B86C8D20095EA42 /* Debug */ = {
			isa = XCBuildConfiguration;
			baseConfigurationReference = FE2BEDE851FEE31011E17D46 /* Pods-Nix.debug.xcconfig */;
			buildSettings = {
				ALWAYS_EMBED_SWIFT_STANDARD_LIBRARIES = YES;
				ASSETCATALOG_COMPILER_APPICON_NAME = AppIcon;
				ASSETCATALOG_COMPILER_GLOBAL_ACCENT_COLOR_NAME = AccentColor;
				CODE_SIGN_ENTITLEMENTS = Nix/Nix.entitlements;
				CODE_SIGN_STYLE = Automatic;
				CURRENT_PROJECT_VERSION = 1;
				DEVELOPMENT_ASSET_PATHS = "\"Nix/Preview Content\"";
				DEVELOPMENT_TEAM = 76KZ9G4542;
				ENABLE_PREVIEWS = YES;
				GENERATE_INFOPLIST_FILE = YES;
				INFOPLIST_FILE = Nix/Info.plist;
				INFOPLIST_KEY_UIApplicationSceneManifest_Generation = YES;
				INFOPLIST_KEY_UIApplicationSupportsIndirectInputEvents = YES;
				INFOPLIST_KEY_UILaunchScreen_Generation = YES;
				INFOPLIST_KEY_UISupportedInterfaceOrientations_iPad = "UIInterfaceOrientationPortrait UIInterfaceOrientationPortraitUpsideDown UIInterfaceOrientationLandscapeLeft UIInterfaceOrientationLandscapeRight";
				INFOPLIST_KEY_UISupportedInterfaceOrientations_iPhone = "UIInterfaceOrientationPortrait UIInterfaceOrientationLandscapeLeft UIInterfaceOrientationLandscapeRight";
				LD_RUNPATH_SEARCH_PATHS = (
					"$(inherited)",
					"@executable_path/Frameworks",
				);
				MARKETING_VERSION = 1.0;
				PRODUCT_BUNDLE_IDENTIFIER = nix.Nix;
				PRODUCT_NAME = "$(TARGET_NAME)";
				SWIFT_EMIT_LOC_STRINGS = YES;
				SWIFT_INSTALL_OBJC_HEADER = YES;
				SWIFT_VERSION = 5.0;
				TARGETED_DEVICE_FAMILY = "1,2";
			};
			name = Debug;
		};
		3F7234A82B86C8D20095EA42 /* Release */ = {
			isa = XCBuildConfiguration;
			baseConfigurationReference = E12A997F22116869190E240E /* Pods-Nix.release.xcconfig */;
			buildSettings = {
				ALWAYS_EMBED_SWIFT_STANDARD_LIBRARIES = YES;
				ASSETCATALOG_COMPILER_APPICON_NAME = AppIcon;
				ASSETCATALOG_COMPILER_GLOBAL_ACCENT_COLOR_NAME = AccentColor;
				CODE_SIGN_ENTITLEMENTS = Nix/Nix.entitlements;
				CODE_SIGN_STYLE = Automatic;
				CURRENT_PROJECT_VERSION = 1;
				DEVELOPMENT_ASSET_PATHS = "\"Nix/Preview Content\"";
				DEVELOPMENT_TEAM = 76KZ9G4542;
				ENABLE_PREVIEWS = YES;
				GENERATE_INFOPLIST_FILE = YES;
				INFOPLIST_FILE = Nix/Info.plist;
				INFOPLIST_KEY_UIApplicationSceneManifest_Generation = YES;
				INFOPLIST_KEY_UIApplicationSupportsIndirectInputEvents = YES;
				INFOPLIST_KEY_UILaunchScreen_Generation = YES;
				INFOPLIST_KEY_UISupportedInterfaceOrientations_iPad = "UIInterfaceOrientationPortrait UIInterfaceOrientationPortraitUpsideDown UIInterfaceOrientationLandscapeLeft UIInterfaceOrientationLandscapeRight";
				INFOPLIST_KEY_UISupportedInterfaceOrientations_iPhone = "UIInterfaceOrientationPortrait UIInterfaceOrientationLandscapeLeft UIInterfaceOrientationLandscapeRight";
				LD_RUNPATH_SEARCH_PATHS = (
					"$(inherited)",
					"@executable_path/Frameworks",
				);
				MARKETING_VERSION = 1.0;
				PRODUCT_BUNDLE_IDENTIFIER = nix.Nix;
				PRODUCT_NAME = "$(TARGET_NAME)";
				SWIFT_EMIT_LOC_STRINGS = YES;
				SWIFT_INSTALL_OBJC_HEADER = YES;
				SWIFT_VERSION = 5.0;
				TARGETED_DEVICE_FAMILY = "1,2";
			};
			name = Release;
		};
		3F856E792B9D8EEE00E479EB /* Debug */ = {
			isa = XCBuildConfiguration;
			buildSettings = {
				CODE_SIGN_ENTITLEMENTS = "ReportExtension Nix/ReportExtension_Nix.entitlements";
				CODE_SIGN_STYLE = Automatic;
				CURRENT_PROJECT_VERSION = 1;
				DEVELOPMENT_TEAM = 76KZ9G4542;
				ENABLE_USER_SCRIPT_SANDBOXING = YES;
				GENERATE_INFOPLIST_FILE = YES;
				INFOPLIST_FILE = "ReportExtension Nix/Info.plist";
				INFOPLIST_KEY_CFBundleDisplayName = "ReportExtension Nix";
				INFOPLIST_KEY_NSHumanReadableCopyright = "";
				IPHONEOS_DEPLOYMENT_TARGET = 17.4;
				LD_RUNPATH_SEARCH_PATHS = (
					"$(inherited)",
					"@executable_path/Frameworks",
					"@executable_path/../../Frameworks",
				);
				MARKETING_VERSION = 1.0;
				PRODUCT_BUNDLE_IDENTIFIER = "nix.Nix.ReportExtension-Nix";
				PRODUCT_NAME = "$(TARGET_NAME)";
				SKIP_INSTALL = YES;
				SWIFT_EMIT_LOC_STRINGS = YES;
				SWIFT_VERSION = 5.0;
				TARGETED_DEVICE_FAMILY = "1,2";
			};
			name = Debug;
		};
		3F856E7A2B9D8EEE00E479EB /* Release */ = {
			isa = XCBuildConfiguration;
			buildSettings = {
				CODE_SIGN_ENTITLEMENTS = "ReportExtension Nix/ReportExtension_Nix.entitlements";
				CODE_SIGN_STYLE = Automatic;
				CURRENT_PROJECT_VERSION = 1;
				DEVELOPMENT_TEAM = 76KZ9G4542;
				ENABLE_USER_SCRIPT_SANDBOXING = YES;
				GENERATE_INFOPLIST_FILE = YES;
				INFOPLIST_FILE = "ReportExtension Nix/Info.plist";
				INFOPLIST_KEY_CFBundleDisplayName = "ReportExtension Nix";
				INFOPLIST_KEY_NSHumanReadableCopyright = "";
				IPHONEOS_DEPLOYMENT_TARGET = 17.4;
				LD_RUNPATH_SEARCH_PATHS = (
					"$(inherited)",
					"@executable_path/Frameworks",
					"@executable_path/../../Frameworks",
				);
				MARKETING_VERSION = 1.0;
				PRODUCT_BUNDLE_IDENTIFIER = "nix.Nix.ReportExtension-Nix";
				PRODUCT_NAME = "$(TARGET_NAME)";
				SKIP_INSTALL = YES;
				SWIFT_EMIT_LOC_STRINGS = YES;
				SWIFT_VERSION = 5.0;
				TARGETED_DEVICE_FAMILY = "1,2";
			};
			name = Release;
		};
		3FA437732C0B6E9F00520D13 /* Debug */ = {
			isa = XCBuildConfiguration;
			buildSettings = {
				CODE_SIGN_ENTITLEMENTS = ShieldAction/ShieldAction.entitlements;
				CODE_SIGN_STYLE = Automatic;
				CURRENT_PROJECT_VERSION = 1;
				DEVELOPMENT_TEAM = 76KZ9G4542;
				ENABLE_USER_SCRIPT_SANDBOXING = YES;
				GENERATE_INFOPLIST_FILE = YES;
				INFOPLIST_FILE = ShieldAction/Info.plist;
				INFOPLIST_KEY_CFBundleDisplayName = ShieldAction;
				INFOPLIST_KEY_NSHumanReadableCopyright = "";
				IPHONEOS_DEPLOYMENT_TARGET = 17.4;
				LD_RUNPATH_SEARCH_PATHS = (
					"$(inherited)",
					"@executable_path/Frameworks",
					"@executable_path/../../Frameworks",
				);
				MARKETING_VERSION = 1.0;
				PRODUCT_BUNDLE_IDENTIFIER = nix.Nix.ShieldAction;
				PRODUCT_NAME = "$(TARGET_NAME)";
				SKIP_INSTALL = YES;
				SWIFT_EMIT_LOC_STRINGS = YES;
				SWIFT_VERSION = 5.0;
				TARGETED_DEVICE_FAMILY = "1,2";
			};
			name = Debug;
		};
		3FA437742C0B6E9F00520D13 /* Release */ = {
			isa = XCBuildConfiguration;
			buildSettings = {
				CODE_SIGN_ENTITLEMENTS = ShieldAction/ShieldAction.entitlements;
				CODE_SIGN_STYLE = Automatic;
				CURRENT_PROJECT_VERSION = 1;
				DEVELOPMENT_TEAM = 76KZ9G4542;
				ENABLE_USER_SCRIPT_SANDBOXING = YES;
				GENERATE_INFOPLIST_FILE = YES;
				INFOPLIST_FILE = ShieldAction/Info.plist;
				INFOPLIST_KEY_CFBundleDisplayName = ShieldAction;
				INFOPLIST_KEY_NSHumanReadableCopyright = "";
				IPHONEOS_DEPLOYMENT_TARGET = 17.4;
				LD_RUNPATH_SEARCH_PATHS = (
					"$(inherited)",
					"@executable_path/Frameworks",
					"@executable_path/../../Frameworks",
				);
				MARKETING_VERSION = 1.0;
				PRODUCT_BUNDLE_IDENTIFIER = nix.Nix.ShieldAction;
				PRODUCT_NAME = "$(TARGET_NAME)";
				SKIP_INSTALL = YES;
				SWIFT_EMIT_LOC_STRINGS = YES;
				SWIFT_VERSION = 5.0;
				TARGETED_DEVICE_FAMILY = "1,2";
			};
			name = Release;
		};
		3FA437872C0B729B00520D13 /* Debug */ = {
			isa = XCBuildConfiguration;
			buildSettings = {
				CODE_SIGN_ENTITLEMENTS = ShieldConfig/ShieldConfig.entitlements;
				CODE_SIGN_STYLE = Automatic;
				CURRENT_PROJECT_VERSION = 1;
				DEVELOPMENT_TEAM = 76KZ9G4542;
				ENABLE_USER_SCRIPT_SANDBOXING = YES;
				GENERATE_INFOPLIST_FILE = YES;
				INFOPLIST_FILE = ShieldConfig/Info.plist;
				INFOPLIST_KEY_CFBundleDisplayName = ShieldConfig;
				INFOPLIST_KEY_NSHumanReadableCopyright = "";
				IPHONEOS_DEPLOYMENT_TARGET = 17.4;
				LD_RUNPATH_SEARCH_PATHS = (
					"$(inherited)",
					"@executable_path/Frameworks",
					"@executable_path/../../Frameworks",
				);
				MARKETING_VERSION = 1.0;
				PRODUCT_BUNDLE_IDENTIFIER = nix.Nix.ShieldConfig;
				PRODUCT_NAME = "$(TARGET_NAME)";
				SKIP_INSTALL = YES;
				SWIFT_EMIT_LOC_STRINGS = YES;
				SWIFT_VERSION = 5.0;
				TARGETED_DEVICE_FAMILY = "1,2";
			};
			name = Debug;
		};
		3FA437882C0B729B00520D13 /* Release */ = {
			isa = XCBuildConfiguration;
			buildSettings = {
				CODE_SIGN_ENTITLEMENTS = ShieldConfig/ShieldConfig.entitlements;
				CODE_SIGN_STYLE = Automatic;
				CURRENT_PROJECT_VERSION = 1;
				DEVELOPMENT_TEAM = 76KZ9G4542;
				ENABLE_USER_SCRIPT_SANDBOXING = YES;
				GENERATE_INFOPLIST_FILE = YES;
				INFOPLIST_FILE = ShieldConfig/Info.plist;
				INFOPLIST_KEY_CFBundleDisplayName = ShieldConfig;
				INFOPLIST_KEY_NSHumanReadableCopyright = "";
				IPHONEOS_DEPLOYMENT_TARGET = 17.4;
				LD_RUNPATH_SEARCH_PATHS = (
					"$(inherited)",
					"@executable_path/Frameworks",
					"@executable_path/../../Frameworks",
				);
				MARKETING_VERSION = 1.0;
				PRODUCT_BUNDLE_IDENTIFIER = nix.Nix.ShieldConfig;
				PRODUCT_NAME = "$(TARGET_NAME)";
				SKIP_INSTALL = YES;
				SWIFT_EMIT_LOC_STRINGS = YES;
				SWIFT_VERSION = 5.0;
				TARGETED_DEVICE_FAMILY = "1,2";
			};
			name = Release;
		};
		3FEFA7B12BA61A740074F1EC /* Debug */ = {
			isa = XCBuildConfiguration;
			buildSettings = {
				ARCHS = "$(ARCHS_STANDARD_64_BIT)";
				CODE_SIGN_ENTITLEMENTS = DeviceActivityExtension/DeviceActivityExtension.entitlements;
				CODE_SIGN_STYLE = Automatic;
				CURRENT_PROJECT_VERSION = 1;
				DEVELOPMENT_TEAM = 76KZ9G4542;
				ENABLE_USER_SCRIPT_SANDBOXING = YES;
				GENERATE_INFOPLIST_FILE = YES;
				INFOPLIST_FILE = DeviceActivityExtension/Info.plist;
				INFOPLIST_KEY_CFBundleDisplayName = DeviceActivityExtension;
				INFOPLIST_KEY_NSHumanReadableCopyright = "";
				IPHONEOS_DEPLOYMENT_TARGET = 17.4;
				LD_RUNPATH_SEARCH_PATHS = (
					"$(inherited)",
					"@executable_path/Frameworks",
					"@executable_path/../../Frameworks",
				);
				MARKETING_VERSION = 1.0;
				PRODUCT_BUNDLE_IDENTIFIER = nix.Nix.DeviceActivityExtension;
				PRODUCT_NAME = "$(TARGET_NAME)";
				SKIP_INSTALL = YES;
				SWIFT_EMIT_LOC_STRINGS = YES;
				SWIFT_VERSION = 5.0;
				TARGETED_DEVICE_FAMILY = "1,2";
			};
			name = Debug;
		};
		3FEFA7B22BA61A740074F1EC /* Release */ = {
			isa = XCBuildConfiguration;
			buildSettings = {
				ARCHS = "$(ARCHS_STANDARD_64_BIT)";
				CODE_SIGN_ENTITLEMENTS = DeviceActivityExtension/DeviceActivityExtension.entitlements;
				CODE_SIGN_STYLE = Automatic;
				CURRENT_PROJECT_VERSION = 1;
				DEVELOPMENT_TEAM = 76KZ9G4542;
				ENABLE_USER_SCRIPT_SANDBOXING = YES;
				GENERATE_INFOPLIST_FILE = YES;
				INFOPLIST_FILE = DeviceActivityExtension/Info.plist;
				INFOPLIST_KEY_CFBundleDisplayName = DeviceActivityExtension;
				INFOPLIST_KEY_NSHumanReadableCopyright = "";
				IPHONEOS_DEPLOYMENT_TARGET = 17.4;
				LD_RUNPATH_SEARCH_PATHS = (
					"$(inherited)",
					"@executable_path/Frameworks",
					"@executable_path/../../Frameworks",
				);
				MARKETING_VERSION = 1.0;
				PRODUCT_BUNDLE_IDENTIFIER = nix.Nix.DeviceActivityExtension;
				PRODUCT_NAME = "$(TARGET_NAME)";
				SKIP_INSTALL = YES;
				SWIFT_EMIT_LOC_STRINGS = YES;
				SWIFT_VERSION = 5.0;
				TARGETED_DEVICE_FAMILY = "1,2";
			};
			name = Release;
		};
/* End XCBuildConfiguration section */

/* Begin XCConfigurationList section */
		3F7234932B86C8CF0095EA42 /* Build configuration list for PBXProject "Nix" */ = {
			isa = XCConfigurationList;
			buildConfigurations = (
				3F7234A42B86C8D20095EA42 /* Debug */,
				3F7234A52B86C8D20095EA42 /* Release */,
			);
			defaultConfigurationIsVisible = 0;
			defaultConfigurationName = Release;
		};
		3F7234A62B86C8D20095EA42 /* Build configuration list for PBXNativeTarget "Nix" */ = {
			isa = XCConfigurationList;
			buildConfigurations = (
				3F7234A72B86C8D20095EA42 /* Debug */,
				3F7234A82B86C8D20095EA42 /* Release */,
			);
			defaultConfigurationIsVisible = 0;
			defaultConfigurationName = Release;
		};
		3F856E782B9D8EEE00E479EB /* Build configuration list for PBXNativeTarget "ReportExtension Nix" */ = {
			isa = XCConfigurationList;
			buildConfigurations = (
				3F856E792B9D8EEE00E479EB /* Debug */,
				3F856E7A2B9D8EEE00E479EB /* Release */,
			);
			defaultConfigurationIsVisible = 0;
			defaultConfigurationName = Release;
		};
		3FA437752C0B6E9F00520D13 /* Build configuration list for PBXNativeTarget "ShieldAction" */ = {
			isa = XCConfigurationList;
			buildConfigurations = (
				3FA437732C0B6E9F00520D13 /* Debug */,
				3FA437742C0B6E9F00520D13 /* Release */,
			);
			defaultConfigurationIsVisible = 0;
			defaultConfigurationName = Release;
		};
		3FA437862C0B729B00520D13 /* Build configuration list for PBXNativeTarget "ShieldConfig" */ = {
			isa = XCConfigurationList;
			buildConfigurations = (
				3FA437872C0B729B00520D13 /* Debug */,
				3FA437882C0B729B00520D13 /* Release */,
			);
			defaultConfigurationIsVisible = 0;
			defaultConfigurationName = Release;
		};
		3FEFA7B02BA61A740074F1EC /* Build configuration list for PBXNativeTarget "DeviceActivityExtension" */ = {
			isa = XCConfigurationList;
			buildConfigurations = (
				3FEFA7B12BA61A740074F1EC /* Debug */,
				3FEFA7B22BA61A740074F1EC /* Release */,
			);
			defaultConfigurationIsVisible = 0;
			defaultConfigurationName = Release;
		};
/* End XCConfigurationList section */

/* Begin XCRemoteSwiftPackageReference section */
		3F7234E32B86CB480095EA42 /* XCRemoteSwiftPackageReference "firebase-ios-sdk" */ = {
			isa = XCRemoteSwiftPackageReference;
			repositoryURL = "https://github.com/firebase/firebase-ios-sdk";
			requirement = {
				kind = upToNextMajorVersion;
				minimumVersion = 10.21.0;
			};
		};
/* End XCRemoteSwiftPackageReference section */

/* Begin XCSwiftPackageProductDependency section */
		3B7F194C2BAE2D8400926FE2 /* FirebaseAuth */ = {
			isa = XCSwiftPackageProductDependency;
			package = 3F7234E32B86CB480095EA42 /* XCRemoteSwiftPackageReference "firebase-ios-sdk" */;
			productName = FirebaseAuth;
		};
		3B7F194E2BAE2D8400926FE2 /* FirebaseFirestore */ = {
			isa = XCSwiftPackageProductDependency;
			package = 3F7234E32B86CB480095EA42 /* XCRemoteSwiftPackageReference "firebase-ios-sdk" */;
			productName = FirebaseFirestore;
		};
		3B7F19502BAE2D8400926FE2 /* FirebaseFirestoreSwift */ = {
			isa = XCSwiftPackageProductDependency;
			package = 3F7234E32B86CB480095EA42 /* XCRemoteSwiftPackageReference "firebase-ios-sdk" */;
			productName = FirebaseFirestoreSwift;
		};
		3F312BAF2C1C12A8004798E7 /* FirebaseFirestore */ = {
			isa = XCSwiftPackageProductDependency;
			package = 3F7234E32B86CB480095EA42 /* XCRemoteSwiftPackageReference "firebase-ios-sdk" */;
			productName = FirebaseFirestore;
		};
		3F312BB12C1C12B7004798E7 /* FirebaseAuth */ = {
			isa = XCSwiftPackageProductDependency;
			package = 3F7234E32B86CB480095EA42 /* XCRemoteSwiftPackageReference "firebase-ios-sdk" */;
			productName = FirebaseAuth;
		};
		3F312BB32C1C12BD004798E7 /* FirebaseFirestoreSwift */ = {
			isa = XCSwiftPackageProductDependency;
			package = 3F7234E32B86CB480095EA42 /* XCRemoteSwiftPackageReference "firebase-ios-sdk" */;
			productName = FirebaseFirestoreSwift;
		};
/* End XCSwiftPackageProductDependency section */
	};
	rootObject = 3F7234902B86C8CF0095EA42 /* Project object */;
}
